// !$*UTF8*$!
{
	archiveVersion = 1;
	classes = {
	};
	objectVersion = 56;
	objects = {

/* Begin PBXBuildFile section */
		6B5A20AF2C369A3000179AEB /* PhotoManager.swift in Sources */ = {isa = PBXBuildFile; fileRef = 6B5A20AE2C369A3000179AEB /* PhotoManager.swift */; };
		6B5DEDB52C3E8180002B458F /* TitleSectionCell.swift in Sources */ = {isa = PBXBuildFile; fileRef = 6B5DEDB42C3E8180002B458F /* TitleSectionCell.swift */; };
		6B5DEDB72C3E8192002B458F /* SelectColorCollectionViewCell.swift in Sources */ = {isa = PBXBuildFile; fileRef = 6B5DEDB62C3E8192002B458F /* SelectColorCollectionViewCell.swift */; };
		6B5DEDB92C3E81A1002B458F /* SelectIconCollectionViewCell.swift in Sources */ = {isa = PBXBuildFile; fileRef = 6B5DEDB82C3E81A1002B458F /* SelectIconCollectionViewCell.swift */; };
		6B5DEDBB2C3E8FA6002B458F /* DesignOfFolderColor.swift in Sources */ = {isa = PBXBuildFile; fileRef = 6B5DEDBA2C3E8FA6002B458F /* DesignOfFolderColor.swift */; };
		6B5DEDBD2C3EBCE4002B458F /* ColorSectionCell.swift in Sources */ = {isa = PBXBuildFile; fileRef = 6B5DEDBC2C3EBCE4002B458F /* ColorSectionCell.swift */; };
		6B5DEDBF2C3EBF52002B458F /* IconSectionCell.swift in Sources */ = {isa = PBXBuildFile; fileRef = 6B5DEDBE2C3EBF52002B458F /* IconSectionCell.swift */; };
		6B5DEDC12C3EC886002B458F /* AddFolderSection.swift in Sources */ = {isa = PBXBuildFile; fileRef = 6B5DEDC02C3EC886002B458F /* AddFolderSection.swift */; };
		6B5DEDC32C3ED185002B458F /* AddFolderViewModel.swift in Sources */ = {isa = PBXBuildFile; fileRef = 6B5DEDC22C3ED185002B458F /* AddFolderViewModel.swift */; };
		6B5DEDC52C3EDAD7002B458F /* ColorSectionCellViewModel.swift in Sources */ = {isa = PBXBuildFile; fileRef = 6B5DEDC42C3EDAD7002B458F /* ColorSectionCellViewModel.swift */; };
		6B5DEDC72C3EDD6B002B458F /* IconSectionCellViewModel.swift in Sources */ = {isa = PBXBuildFile; fileRef = 6B5DEDC62C3EDD6B002B458F /* IconSectionCellViewModel.swift */; };
		6B5DEDC92C3F602F002B458F /* UIColor+Extension.swift in Sources */ = {isa = PBXBuildFile; fileRef = 6B5DEDC82C3F602F002B458F /* UIColor+Extension.swift */; };
		6B5DEDD52C3F8685002B458F /* IconView.swift in Sources */ = {isa = PBXBuildFile; fileRef = 6B5DEDD42C3F8685002B458F /* IconView.swift */; };
		6B5DEDDA2C40152B002B458F /* EnrollViewModel.swift in Sources */ = {isa = PBXBuildFile; fileRef = 6B5DEDD92C40152B002B458F /* EnrollViewModel.swift */; };
		6B5DEDDC2C411114002B458F /* IconAndTitleView.swift in Sources */ = {isa = PBXBuildFile; fileRef = 6B5DEDDB2C411114002B458F /* IconAndTitleView.swift */; };
		6B5DEDDE2C411479002B458F /* EnrollInformationTitleTableViewCell.swift in Sources */ = {isa = PBXBuildFile; fileRef = 6B5DEDDD2C411479002B458F /* EnrollInformationTitleTableViewCell.swift */; };
		6B5DEDE22C4134B4002B458F /* TagListTableViewCell.swift in Sources */ = {isa = PBXBuildFile; fileRef = 6B5DEDE12C4134B4002B458F /* TagListTableViewCell.swift */; };
		6B5DEDE42C415075002B458F /* DatePickerTableViewCell.swift in Sources */ = {isa = PBXBuildFile; fileRef = 6B5DEDE32C415075002B458F /* DatePickerTableViewCell.swift */; };
		6B5DEDE62C415911002B458F /* TagViewModel.swift in Sources */ = {isa = PBXBuildFile; fileRef = 6B5DEDE52C415911002B458F /* TagViewModel.swift */; };
		6B5DEDE82C415ABA002B458F /* TagCell.swift in Sources */ = {isa = PBXBuildFile; fileRef = 6B5DEDE72C415ABA002B458F /* TagCell.swift */; };
		6B5DEDEA2C42B628002B458F /* FolderListViewController.swift in Sources */ = {isa = PBXBuildFile; fileRef = 6B5DEDE92C42B627002B458F /* FolderListViewController.swift */; };
		6B5DEDEC2C42B6CB002B458F /* FolderListViewModel.swift in Sources */ = {isa = PBXBuildFile; fileRef = 6B5DEDEB2C42B6CB002B458F /* FolderListViewModel.swift */; };
		6B5DEDEE2C42B7AC002B458F /* CustomFolderTableViewCell.swift in Sources */ = {isa = PBXBuildFile; fileRef = 6B5DEDED2C42B7AC002B458F /* CustomFolderTableViewCell.swift */; };
		6B5DEDF02C42B91F002B458F /* EnrollInformationNoneSwitchTableViewCell.swift in Sources */ = {isa = PBXBuildFile; fileRef = 6B5DEDEF2C42B91E002B458F /* EnrollInformationNoneSwitchTableViewCell.swift */; };
		6B5DEDF22C43A0C6002B458F /* ImageListTableViewCell.swift in Sources */ = {isa = PBXBuildFile; fileRef = 6B5DEDF12C43A0C6002B458F /* ImageListTableViewCell.swift */; };
		6B5DEDF42C43B7AD002B458F /* PriorityTableViewCell.swift in Sources */ = {isa = PBXBuildFile; fileRef = 6B5DEDF32C43B7AD002B458F /* PriorityTableViewCell.swift */; };
		6B5DEDFC2C441550002B458F /* ListViewModel.swift in Sources */ = {isa = PBXBuildFile; fileRef = 6B5DEDFB2C441550002B458F /* ListViewModel.swift */; };
		6B5EDDBE2C37B1D200D5667D /* CalendarModal.swift in Sources */ = {isa = PBXBuildFile; fileRef = 6B5EDDBD2C37B1D200D5667D /* CalendarModal.swift */; };
		6B5EDDC52C37E25B00D5667D /* Date+Extension.swift in Sources */ = {isa = PBXBuildFile; fileRef = 6B5EDDC42C37E25B00D5667D /* Date+Extension.swift */; };
		6B5EDDCC2C39695100D5667D /* SnapKit in Frameworks */ = {isa = PBXBuildFile; productRef = 6B5EDDCB2C39695100D5667D /* SnapKit */; };
		6B5EDDCF2C39695800D5667D /* FSCalendar in Frameworks */ = {isa = PBXBuildFile; productRef = 6B5EDDCE2C39695800D5667D /* FSCalendar */; };
		6B5EDDD22C39696C00D5667D /* RealmSwift in Frameworks */ = {isa = PBXBuildFile; productRef = 6B5EDDD12C39696C00D5667D /* RealmSwift */; };
		6B5EDDD32C39697600D5667D /* RealmSwift in Embed Frameworks */ = {isa = PBXBuildFile; productRef = 6B5EDDD12C39696C00D5667D /* RealmSwift */; settings = {ATTRIBUTES = (CodeSignOnCopy, ); }; };
		6BE741EB2C33DDAE009DEE99 /* AppDelegate.swift in Sources */ = {isa = PBXBuildFile; fileRef = 6BE741EA2C33DDAE009DEE99 /* AppDelegate.swift */; };
		6BE741ED2C33DDAE009DEE99 /* SceneDelegate.swift in Sources */ = {isa = PBXBuildFile; fileRef = 6BE741EC2C33DDAE009DEE99 /* SceneDelegate.swift */; };
		6BE741EF2C33DDAE009DEE99 /* BaseViewController.swift in Sources */ = {isa = PBXBuildFile; fileRef = 6BE741EE2C33DDAE009DEE99 /* BaseViewController.swift */; };
		6BE741F42C33DDB0009DEE99 /* Assets.xcassets in Resources */ = {isa = PBXBuildFile; fileRef = 6BE741F32C33DDB0009DEE99 /* Assets.xcassets */; };
		6BE741F72C33DDB0009DEE99 /* Base in Resources */ = {isa = PBXBuildFile; fileRef = 6BE741F62C33DDB0009DEE99 /* Base */; };
		6BE742022C33F5A0009DEE99 /* .gitignore in Resources */ = {isa = PBXBuildFile; fileRef = 6BE742012C33F5A0009DEE99 /* .gitignore */; };
		6BE742082C33F79B009DEE99 /* BaseCollectionViewCell.swift in Sources */ = {isa = PBXBuildFile; fileRef = 6BE742072C33F79B009DEE99 /* BaseCollectionViewCell.swift */; };
		6BE7420A2C33F7C1009DEE99 /* BaseTableViewCell.swift in Sources */ = {isa = PBXBuildFile; fileRef = 6BE742092C33F7C1009DEE99 /* BaseTableViewCell.swift */; };
		6BE7420E2C33F854009DEE99 /* DataBaseManager.swift in Sources */ = {isa = PBXBuildFile; fileRef = 6BE7420D2C33F854009DEE99 /* DataBaseManager.swift */; };
		6BE742112C33FAA6009DEE99 /* ListViewController.swift in Sources */ = {isa = PBXBuildFile; fileRef = 6BE742102C33FAA6009DEE99 /* ListViewController.swift */; };
		6BE742162C33FBD9009DEE99 /* Identifier+Extension.swift in Sources */ = {isa = PBXBuildFile; fileRef = 6BE742152C33FBD9009DEE99 /* Identifier+Extension.swift */; };
		6BE742182C34010C009DEE99 /* ListTableViewCell.swift in Sources */ = {isa = PBXBuildFile; fileRef = 6BE742172C34010C009DEE99 /* ListTableViewCell.swift */; };
		6BE7421A2C34089A009DEE99 /* DesignOfFont.swift in Sources */ = {isa = PBXBuildFile; fileRef = 6BE742192C34089A009DEE99 /* DesignOfFont.swift */; };
		6BE7421D2C3409B4009DEE99 /* UILabel+Extension.swift in Sources */ = {isa = PBXBuildFile; fileRef = 6BE7421C2C3409B4009DEE99 /* UILabel+Extension.swift */; };
		6BE7421F2C340B6F009DEE99 /* TitleHeaderView.swift in Sources */ = {isa = PBXBuildFile; fileRef = 6BE7421E2C340B6F009DEE99 /* TitleHeaderView.swift */; };
		6BE742212C341B6E009DEE99 /* Todo.swift in Sources */ = {isa = PBXBuildFile; fileRef = 6BE742202C341B6E009DEE99 /* Todo.swift */; };
		6BE742242C342090009DEE99 /* EnrollViewController.swift in Sources */ = {isa = PBXBuildFile; fileRef = 6BE742232C342090009DEE99 /* EnrollViewController.swift */; };
		6BE742262C34237A009DEE99 /* TitleAndMemoTableViewCell.swift in Sources */ = {isa = PBXBuildFile; fileRef = 6BE742252C34237A009DEE99 /* TitleAndMemoTableViewCell.swift */; };
		6BE7422A2C3425BD009DEE99 /* EnrollSections.swift in Sources */ = {isa = PBXBuildFile; fileRef = 6BE742292C3425BD009DEE99 /* EnrollSections.swift */; };
		6BE7422C2C34310A009DEE99 /* UITextView+Extension.swift in Sources */ = {isa = PBXBuildFile; fileRef = 6BE7422B2C34310A009DEE99 /* UITextView+Extension.swift */; };
		6BE7422F2C343ED8009DEE99 /* HomeViewController.swift in Sources */ = {isa = PBXBuildFile; fileRef = 6BE7422E2C343ED8009DEE99 /* HomeViewController.swift */; };
		6BE742312C344C2B009DEE99 /* NotificationName+Extension.swift in Sources */ = {isa = PBXBuildFile; fileRef = 6BE742302C344C2B009DEE99 /* NotificationName+Extension.swift */; };
		6BE742332C34CC08009DEE99 /* HomeDefaultListTypeCell.swift in Sources */ = {isa = PBXBuildFile; fileRef = 6BE742322C34CC08009DEE99 /* HomeDefaultListTypeCell.swift */; };
		6BE742382C34EB46009DEE99 /* UIButton+Extension.swift in Sources */ = {isa = PBXBuildFile; fileRef = 6BE742372C34EB46009DEE99 /* UIButton+Extension.swift */; };
		6BE7423A2C34ED3F009DEE99 /* DesignOfToolBarButton.swift in Sources */ = {isa = PBXBuildFile; fileRef = 6BE742392C34ED3F009DEE99 /* DesignOfToolBarButton.swift */; };
		6BE7423C2C34EE75009DEE99 /* HomeFilteredFolderCellType.swift in Sources */ = {isa = PBXBuildFile; fileRef = 6BE7423B2C34EE75009DEE99 /* HomeFilteredFolderCellType.swift */; };
		6BE7423E2C3504B7009DEE99 /* HomeHeaderView.swift in Sources */ = {isa = PBXBuildFile; fileRef = 6BE7423D2C3504B7009DEE99 /* HomeHeaderView.swift */; };
		6BE742462C3532ED009DEE99 /* UITextField+Extension.swift in Sources */ = {isa = PBXBuildFile; fileRef = 6BE742452C3532ED009DEE99 /* UITextField+Extension.swift */; };
		6BE742482C353A11009DEE99 /* PriorityType.swift in Sources */ = {isa = PBXBuildFile; fileRef = 6BE742472C353A11009DEE99 /* PriorityType.swift */; };
		6BE7424B2C3549D6009DEE99 /* DateManager.swift in Sources */ = {isa = PBXBuildFile; fileRef = 6BE7424A2C3549D6009DEE99 /* DateManager.swift */; };
		6BF3E16E2C3BC6B800F231FF /* CustomTodoFolder.swift in Sources */ = {isa = PBXBuildFile; fileRef = 6BF3E16D2C3BC6B800F231FF /* CustomTodoFolder.swift */; };
		6BF3E1702C3BC9FD00F231FF /* AddFolderViewController.swift in Sources */ = {isa = PBXBuildFile; fileRef = 6BF3E16F2C3BC9FD00F231FF /* AddFolderViewController.swift */; };
		6BF3E1862C3E14C700F231FF /* HomeCollectionViewSection.swift in Sources */ = {isa = PBXBuildFile; fileRef = 6BF3E1852C3E14C700F231FF /* HomeCollectionViewSection.swift */; };
		6BF3E18A2C3E227200F231FF /* HomeCustomFolderTypeCell.swift in Sources */ = {isa = PBXBuildFile; fileRef = 6BF3E1892C3E227200F231FF /* HomeCustomFolderTypeCell.swift */; };
		6BF3E1922C3E2C6000F231FF /* HomeViewModel.swift in Sources */ = {isa = PBXBuildFile; fileRef = 6BF3E1912C3E2C6000F231FF /* HomeViewModel.swift */; };
		6BF3E19A2C3E601E00F231FF /* DesignOfFolderIcon.swift in Sources */ = {isa = PBXBuildFile; fileRef = 6BF3E1992C3E601D00F231FF /* DesignOfFolderIcon.swift */; };
/* End PBXBuildFile section */

/* Begin PBXCopyFilesBuildPhase section */
		6B5EDDC32C37BC9C00D5667D /* Embed Frameworks */ = {
			isa = PBXCopyFilesBuildPhase;
			buildActionMask = 2147483647;
			dstPath = "";
			dstSubfolderSpec = 10;
			files = (
				6B5EDDD32C39697600D5667D /* RealmSwift in Embed Frameworks */,
			);
			name = "Embed Frameworks";
			runOnlyForDeploymentPostprocessing = 0;
		};
/* End PBXCopyFilesBuildPhase section */

/* Begin PBXFileReference section */
		6B5A20AE2C369A3000179AEB /* PhotoManager.swift */ = {isa = PBXFileReference; lastKnownFileType = sourcecode.swift; path = PhotoManager.swift; sourceTree = "<group>"; };
		6B5DEDB42C3E8180002B458F /* TitleSectionCell.swift */ = {isa = PBXFileReference; lastKnownFileType = sourcecode.swift; path = TitleSectionCell.swift; sourceTree = "<group>"; };
		6B5DEDB62C3E8192002B458F /* SelectColorCollectionViewCell.swift */ = {isa = PBXFileReference; lastKnownFileType = sourcecode.swift; path = SelectColorCollectionViewCell.swift; sourceTree = "<group>"; };
		6B5DEDB82C3E81A1002B458F /* SelectIconCollectionViewCell.swift */ = {isa = PBXFileReference; lastKnownFileType = sourcecode.swift; path = SelectIconCollectionViewCell.swift; sourceTree = "<group>"; };
		6B5DEDBA2C3E8FA6002B458F /* DesignOfFolderColor.swift */ = {isa = PBXFileReference; lastKnownFileType = sourcecode.swift; path = DesignOfFolderColor.swift; sourceTree = "<group>"; };
		6B5DEDBC2C3EBCE4002B458F /* ColorSectionCell.swift */ = {isa = PBXFileReference; lastKnownFileType = sourcecode.swift; path = ColorSectionCell.swift; sourceTree = "<group>"; };
		6B5DEDBE2C3EBF52002B458F /* IconSectionCell.swift */ = {isa = PBXFileReference; lastKnownFileType = sourcecode.swift; path = IconSectionCell.swift; sourceTree = "<group>"; };
		6B5DEDC02C3EC886002B458F /* AddFolderSection.swift */ = {isa = PBXFileReference; lastKnownFileType = sourcecode.swift; path = AddFolderSection.swift; sourceTree = "<group>"; };
		6B5DEDC22C3ED185002B458F /* AddFolderViewModel.swift */ = {isa = PBXFileReference; lastKnownFileType = sourcecode.swift; path = AddFolderViewModel.swift; sourceTree = "<group>"; };
		6B5DEDC42C3EDAD7002B458F /* ColorSectionCellViewModel.swift */ = {isa = PBXFileReference; lastKnownFileType = sourcecode.swift; path = ColorSectionCellViewModel.swift; sourceTree = "<group>"; };
		6B5DEDC62C3EDD6B002B458F /* IconSectionCellViewModel.swift */ = {isa = PBXFileReference; lastKnownFileType = sourcecode.swift; path = IconSectionCellViewModel.swift; sourceTree = "<group>"; };
		6B5DEDC82C3F602F002B458F /* UIColor+Extension.swift */ = {isa = PBXFileReference; lastKnownFileType = sourcecode.swift; path = "UIColor+Extension.swift"; sourceTree = "<group>"; };
		6B5DEDD42C3F8685002B458F /* IconView.swift */ = {isa = PBXFileReference; lastKnownFileType = sourcecode.swift; path = IconView.swift; sourceTree = "<group>"; };
		6B5DEDD92C40152B002B458F /* EnrollViewModel.swift */ = {isa = PBXFileReference; lastKnownFileType = sourcecode.swift; path = EnrollViewModel.swift; sourceTree = "<group>"; };
		6B5DEDDB2C411114002B458F /* IconAndTitleView.swift */ = {isa = PBXFileReference; lastKnownFileType = sourcecode.swift; path = IconAndTitleView.swift; sourceTree = "<group>"; };
		6B5DEDDD2C411479002B458F /* EnrollInformationTitleTableViewCell.swift */ = {isa = PBXFileReference; lastKnownFileType = sourcecode.swift; path = EnrollInformationTitleTableViewCell.swift; sourceTree = "<group>"; };
		6B5DEDE12C4134B4002B458F /* TagListTableViewCell.swift */ = {isa = PBXFileReference; lastKnownFileType = sourcecode.swift; path = TagListTableViewCell.swift; sourceTree = "<group>"; };
		6B5DEDE32C415075002B458F /* DatePickerTableViewCell.swift */ = {isa = PBXFileReference; lastKnownFileType = sourcecode.swift; path = DatePickerTableViewCell.swift; sourceTree = "<group>"; };
		6B5DEDE52C415911002B458F /* TagViewModel.swift */ = {isa = PBXFileReference; lastKnownFileType = sourcecode.swift; path = TagViewModel.swift; sourceTree = "<group>"; };
		6B5DEDE72C415ABA002B458F /* TagCell.swift */ = {isa = PBXFileReference; lastKnownFileType = sourcecode.swift; path = TagCell.swift; sourceTree = "<group>"; };
		6B5DEDE92C42B627002B458F /* FolderListViewController.swift */ = {isa = PBXFileReference; lastKnownFileType = sourcecode.swift; path = FolderListViewController.swift; sourceTree = "<group>"; };
		6B5DEDEB2C42B6CB002B458F /* FolderListViewModel.swift */ = {isa = PBXFileReference; lastKnownFileType = sourcecode.swift; path = FolderListViewModel.swift; sourceTree = "<group>"; };
		6B5DEDED2C42B7AC002B458F /* CustomFolderTableViewCell.swift */ = {isa = PBXFileReference; lastKnownFileType = sourcecode.swift; path = CustomFolderTableViewCell.swift; sourceTree = "<group>"; };
		6B5DEDEF2C42B91E002B458F /* EnrollInformationNoneSwitchTableViewCell.swift */ = {isa = PBXFileReference; lastKnownFileType = sourcecode.swift; path = EnrollInformationNoneSwitchTableViewCell.swift; sourceTree = "<group>"; };
		6B5DEDF12C43A0C6002B458F /* ImageListTableViewCell.swift */ = {isa = PBXFileReference; lastKnownFileType = sourcecode.swift; path = ImageListTableViewCell.swift; sourceTree = "<group>"; };
		6B5DEDF32C43B7AD002B458F /* PriorityTableViewCell.swift */ = {isa = PBXFileReference; lastKnownFileType = sourcecode.swift; path = PriorityTableViewCell.swift; sourceTree = "<group>"; };
		6B5DEDFB2C441550002B458F /* ListViewModel.swift */ = {isa = PBXFileReference; lastKnownFileType = sourcecode.swift; path = ListViewModel.swift; sourceTree = "<group>"; };
		6B5EDDBD2C37B1D200D5667D /* CalendarModal.swift */ = {isa = PBXFileReference; lastKnownFileType = sourcecode.swift; path = CalendarModal.swift; sourceTree = "<group>"; };
		6B5EDDC42C37E25B00D5667D /* Date+Extension.swift */ = {isa = PBXFileReference; lastKnownFileType = sourcecode.swift; path = "Date+Extension.swift"; sourceTree = "<group>"; };
		6BE741E72C33DDAE009DEE99 /* Reminder.app */ = {isa = PBXFileReference; explicitFileType = wrapper.application; includeInIndex = 0; path = Reminder.app; sourceTree = BUILT_PRODUCTS_DIR; };
		6BE741EA2C33DDAE009DEE99 /* AppDelegate.swift */ = {isa = PBXFileReference; lastKnownFileType = sourcecode.swift; path = AppDelegate.swift; sourceTree = "<group>"; };
		6BE741EC2C33DDAE009DEE99 /* SceneDelegate.swift */ = {isa = PBXFileReference; lastKnownFileType = sourcecode.swift; path = SceneDelegate.swift; sourceTree = "<group>"; };
		6BE741EE2C33DDAE009DEE99 /* BaseViewController.swift */ = {isa = PBXFileReference; lastKnownFileType = sourcecode.swift; path = BaseViewController.swift; sourceTree = "<group>"; };
		6BE741F32C33DDB0009DEE99 /* Assets.xcassets */ = {isa = PBXFileReference; lastKnownFileType = folder.assetcatalog; path = Assets.xcassets; sourceTree = "<group>"; };
		6BE741F62C33DDB0009DEE99 /* Base */ = {isa = PBXFileReference; lastKnownFileType = file.storyboard; name = Base; path = Base.lproj/LaunchScreen.storyboard; sourceTree = "<group>"; };
		6BE741F82C33DDB0009DEE99 /* Info.plist */ = {isa = PBXFileReference; lastKnownFileType = text.plist.xml; path = Info.plist; sourceTree = "<group>"; };
		6BE742012C33F5A0009DEE99 /* .gitignore */ = {isa = PBXFileReference; lastKnownFileType = text; path = .gitignore; sourceTree = "<group>"; };
		6BE742072C33F79B009DEE99 /* BaseCollectionViewCell.swift */ = {isa = PBXFileReference; lastKnownFileType = sourcecode.swift; path = BaseCollectionViewCell.swift; sourceTree = "<group>"; };
		6BE742092C33F7C1009DEE99 /* BaseTableViewCell.swift */ = {isa = PBXFileReference; lastKnownFileType = sourcecode.swift; path = BaseTableViewCell.swift; sourceTree = "<group>"; };
		6BE7420D2C33F854009DEE99 /* DataBaseManager.swift */ = {isa = PBXFileReference; lastKnownFileType = sourcecode.swift; path = DataBaseManager.swift; sourceTree = "<group>"; };
		6BE742102C33FAA6009DEE99 /* ListViewController.swift */ = {isa = PBXFileReference; lastKnownFileType = sourcecode.swift; path = ListViewController.swift; sourceTree = "<group>"; };
		6BE742152C33FBD9009DEE99 /* Identifier+Extension.swift */ = {isa = PBXFileReference; lastKnownFileType = sourcecode.swift; path = "Identifier+Extension.swift"; sourceTree = "<group>"; };
		6BE742172C34010C009DEE99 /* ListTableViewCell.swift */ = {isa = PBXFileReference; lastKnownFileType = sourcecode.swift; path = ListTableViewCell.swift; sourceTree = "<group>"; };
		6BE742192C34089A009DEE99 /* DesignOfFont.swift */ = {isa = PBXFileReference; lastKnownFileType = sourcecode.swift; path = DesignOfFont.swift; sourceTree = "<group>"; };
		6BE7421C2C3409B4009DEE99 /* UILabel+Extension.swift */ = {isa = PBXFileReference; lastKnownFileType = sourcecode.swift; path = "UILabel+Extension.swift"; sourceTree = "<group>"; };
		6BE7421E2C340B6F009DEE99 /* TitleHeaderView.swift */ = {isa = PBXFileReference; lastKnownFileType = sourcecode.swift; path = TitleHeaderView.swift; sourceTree = "<group>"; };
		6BE742202C341B6E009DEE99 /* Todo.swift */ = {isa = PBXFileReference; lastKnownFileType = sourcecode.swift; path = Todo.swift; sourceTree = "<group>"; };
		6BE742232C342090009DEE99 /* EnrollViewController.swift */ = {isa = PBXFileReference; lastKnownFileType = sourcecode.swift; path = EnrollViewController.swift; sourceTree = "<group>"; };
		6BE742252C34237A009DEE99 /* TitleAndMemoTableViewCell.swift */ = {isa = PBXFileReference; lastKnownFileType = sourcecode.swift; path = TitleAndMemoTableViewCell.swift; sourceTree = "<group>"; };
		6BE742292C3425BD009DEE99 /* EnrollSections.swift */ = {isa = PBXFileReference; lastKnownFileType = sourcecode.swift; path = EnrollSections.swift; sourceTree = "<group>"; };
		6BE7422B2C34310A009DEE99 /* UITextView+Extension.swift */ = {isa = PBXFileReference; lastKnownFileType = sourcecode.swift; path = "UITextView+Extension.swift"; sourceTree = "<group>"; };
		6BE7422E2C343ED8009DEE99 /* HomeViewController.swift */ = {isa = PBXFileReference; lastKnownFileType = sourcecode.swift; path = HomeViewController.swift; sourceTree = "<group>"; };
		6BE742302C344C2B009DEE99 /* NotificationName+Extension.swift */ = {isa = PBXFileReference; lastKnownFileType = sourcecode.swift; path = "NotificationName+Extension.swift"; sourceTree = "<group>"; };
		6BE742322C34CC08009DEE99 /* HomeDefaultListTypeCell.swift */ = {isa = PBXFileReference; lastKnownFileType = sourcecode.swift; path = HomeDefaultListTypeCell.swift; sourceTree = "<group>"; };
		6BE742372C34EB46009DEE99 /* UIButton+Extension.swift */ = {isa = PBXFileReference; lastKnownFileType = sourcecode.swift; path = "UIButton+Extension.swift"; sourceTree = "<group>"; };
		6BE742392C34ED3F009DEE99 /* DesignOfToolBarButton.swift */ = {isa = PBXFileReference; lastKnownFileType = sourcecode.swift; path = DesignOfToolBarButton.swift; sourceTree = "<group>"; };
		6BE7423B2C34EE75009DEE99 /* HomeFilteredFolderCellType.swift */ = {isa = PBXFileReference; lastKnownFileType = sourcecode.swift; path = HomeFilteredFolderCellType.swift; sourceTree = "<group>"; };
		6BE7423D2C3504B7009DEE99 /* HomeHeaderView.swift */ = {isa = PBXFileReference; lastKnownFileType = sourcecode.swift; path = HomeHeaderView.swift; sourceTree = "<group>"; };
		6BE742452C3532ED009DEE99 /* UITextField+Extension.swift */ = {isa = PBXFileReference; lastKnownFileType = sourcecode.swift; path = "UITextField+Extension.swift"; sourceTree = "<group>"; };
		6BE742472C353A11009DEE99 /* PriorityType.swift */ = {isa = PBXFileReference; lastKnownFileType = sourcecode.swift; path = PriorityType.swift; sourceTree = "<group>"; };
		6BE7424A2C3549D6009DEE99 /* DateManager.swift */ = {isa = PBXFileReference; lastKnownFileType = sourcecode.swift; path = DateManager.swift; sourceTree = "<group>"; };
		6BF3E16D2C3BC6B800F231FF /* CustomTodoFolder.swift */ = {isa = PBXFileReference; lastKnownFileType = sourcecode.swift; path = CustomTodoFolder.swift; sourceTree = "<group>"; };
		6BF3E16F2C3BC9FD00F231FF /* AddFolderViewController.swift */ = {isa = PBXFileReference; lastKnownFileType = sourcecode.swift; path = AddFolderViewController.swift; sourceTree = "<group>"; };
		6BF3E1852C3E14C700F231FF /* HomeCollectionViewSection.swift */ = {isa = PBXFileReference; lastKnownFileType = sourcecode.swift; path = HomeCollectionViewSection.swift; sourceTree = "<group>"; };
		6BF3E1892C3E227200F231FF /* HomeCustomFolderTypeCell.swift */ = {isa = PBXFileReference; lastKnownFileType = sourcecode.swift; path = HomeCustomFolderTypeCell.swift; sourceTree = "<group>"; };
		6BF3E1912C3E2C6000F231FF /* HomeViewModel.swift */ = {isa = PBXFileReference; lastKnownFileType = sourcecode.swift; path = HomeViewModel.swift; sourceTree = "<group>"; };
		6BF3E1992C3E601D00F231FF /* DesignOfFolderIcon.swift */ = {isa = PBXFileReference; lastKnownFileType = sourcecode.swift; path = DesignOfFolderIcon.swift; sourceTree = "<group>"; };
/* End PBXFileReference section */

/* Begin PBXFrameworksBuildPhase section */
		6BE741E42C33DDAE009DEE99 /* Frameworks */ = {
			isa = PBXFrameworksBuildPhase;
			buildActionMask = 2147483647;
			files = (
				6B5EDDD22C39696C00D5667D /* RealmSwift in Frameworks */,
				6B5EDDCC2C39695100D5667D /* SnapKit in Frameworks */,
				6B5EDDCF2C39695800D5667D /* FSCalendar in Frameworks */,
			);
			runOnlyForDeploymentPostprocessing = 0;
		};
/* End PBXFrameworksBuildPhase section */

/* Begin PBXGroup section */
		6B5DEDAE2C3E80B4002B458F /* Home */ = {
			isa = PBXGroup;
			children = (
				6B5DEDD32C3F8676002B458F /* CommonView */,
				6B5DEDB02C3E8123002B458F /* VC */,
				6BF3E1902C3E2C4800F231FF /* ViewModel */,
				6BE7424F2C35527D009DEE99 /* Cell */,
				6BE742502C355283009DEE99 /* SectionAndType */,
			);
			path = Home;
			sourceTree = "<group>";
		};
		6B5DEDAF2C3E80BA002B458F /* AddTodoFolder */ = {
			isa = PBXGroup;
			children = (
				6B5DEDB12C3E813E002B458F /* VC */,
				6B5DEDB22C3E8143002B458F /* ViewModel */,
				6B5DEDB32C3E814A002B458F /* Cell */,
				6B5DEDD82C400E0C002B458F /* SectionAndType */,
			);
			path = AddTodoFolder;
			sourceTree = "<group>";
		};
		6B5DEDB02C3E8123002B458F /* VC */ = {
			isa = PBXGroup;
			children = (
				6BE7422E2C343ED8009DEE99 /* HomeViewController.swift */,
				6B5EDDBD2C37B1D200D5667D /* CalendarModal.swift */,
			);
			path = VC;
			sourceTree = "<group>";
		};
		6B5DEDB12C3E813E002B458F /* VC */ = {
			isa = PBXGroup;
			children = (
				6BF3E16F2C3BC9FD00F231FF /* AddFolderViewController.swift */,
			);
			path = VC;
			sourceTree = "<group>";
		};
		6B5DEDB22C3E8143002B458F /* ViewModel */ = {
			isa = PBXGroup;
			children = (
				6B5DEDC22C3ED185002B458F /* AddFolderViewModel.swift */,
				6B5DEDC42C3EDAD7002B458F /* ColorSectionCellViewModel.swift */,
				6B5DEDC62C3EDD6B002B458F /* IconSectionCellViewModel.swift */,
			);
			path = ViewModel;
			sourceTree = "<group>";
		};
		6B5DEDB32C3E814A002B458F /* Cell */ = {
			isa = PBXGroup;
			children = (
				6B5DEDB42C3E8180002B458F /* TitleSectionCell.swift */,
				6B5DEDBC2C3EBCE4002B458F /* ColorSectionCell.swift */,
				6B5DEDBE2C3EBF52002B458F /* IconSectionCell.swift */,
				6B5DEDB62C3E8192002B458F /* SelectColorCollectionViewCell.swift */,
				6B5DEDB82C3E81A1002B458F /* SelectIconCollectionViewCell.swift */,
			);
			path = Cell;
			sourceTree = "<group>";
		};
		6B5DEDD32C3F8676002B458F /* CommonView */ = {
			isa = PBXGroup;
			children = (
				6B5DEDD42C3F8685002B458F /* IconView.swift */,
			);
			path = CommonView;
			sourceTree = "<group>";
		};
		6B5DEDD82C400E0C002B458F /* SectionAndType */ = {
			isa = PBXGroup;
			children = (
				6B5DEDC02C3EC886002B458F /* AddFolderSection.swift */,
			);
			path = SectionAndType;
			sourceTree = "<group>";
		};
		6B5DEDDF2C4133D0002B458F /* ViewModel */ = {
			isa = PBXGroup;
			children = (
				6B5DEDD92C40152B002B458F /* EnrollViewModel.swift */,
				6B5DEDE52C415911002B458F /* TagViewModel.swift */,
				6B5DEDEB2C42B6CB002B458F /* FolderListViewModel.swift */,
			);
			path = ViewModel;
			sourceTree = "<group>";
		};
		6B5DEDE02C4133FA002B458F /* CommonView */ = {
			isa = PBXGroup;
			children = (
				6B5DEDDB2C411114002B458F /* IconAndTitleView.swift */,
			);
			path = CommonView;
			sourceTree = "<group>";
		};
		6B5DEDFD2C441553002B458F /* ViewModel */ = {
			isa = PBXGroup;
			children = (
				6B5DEDFB2C441550002B458F /* ListViewModel.swift */,
			);
			path = ViewModel;
			sourceTree = "<group>";
		};
		6BE741DE2C33DDAE009DEE99 = {
			isa = PBXGroup;
			children = (
				6BE742012C33F5A0009DEE99 /* .gitignore */,
				6BE741E92C33DDAE009DEE99 /* Reminder */,
				6BE741E82C33DDAE009DEE99 /* Products */,
			);
			sourceTree = "<group>";
		};
		6BE741E82C33DDAE009DEE99 /* Products */ = {
			isa = PBXGroup;
			children = (
				6BE741E72C33DDAE009DEE99 /* Reminder.app */,
			);
			name = Products;
			sourceTree = "<group>";
		};
		6BE741E92C33DDAE009DEE99 /* Reminder */ = {
			isa = PBXGroup;
			children = (
				6BE7420B2C33F816009DEE99 /* LifeCycle */,
				6BE742062C33F78B009DEE99 /* Base */,
				6BE742122C33FAAE009DEE99 /* Presentation */,
				6BE7420F2C33FA90009DEE99 /* DataBase */,
				6BE742492C3549B0009DEE99 /* Utils */,
				6BE742142C33FBBF009DEE99 /* Extension */,
				6BE7420C2C33F821009DEE99 /* Resource */,
				6BE741F82C33DDB0009DEE99 /* Info.plist */,
			);
			path = Reminder;
			sourceTree = "<group>";
		};
		6BE742062C33F78B009DEE99 /* Base */ = {
			isa = PBXGroup;
			children = (
				6BE742552C3552E7009DEE99 /* ViewController */,
				6BE742562C3552F1009DEE99 /* Cell */,
			);
			path = Base;
			sourceTree = "<group>";
		};
		6BE7420B2C33F816009DEE99 /* LifeCycle */ = {
			isa = PBXGroup;
			children = (
				6BE741EA2C33DDAE009DEE99 /* AppDelegate.swift */,
				6BE741EC2C33DDAE009DEE99 /* SceneDelegate.swift */,
			);
			path = LifeCycle;
			sourceTree = "<group>";
		};
		6BE7420C2C33F821009DEE99 /* Resource */ = {
			isa = PBXGroup;
			children = (
				6BE7421B2C34099D009DEE99 /* Design */,
				6BE741F32C33DDB0009DEE99 /* Assets.xcassets */,
				6BE741F52C33DDB0009DEE99 /* LaunchScreen.storyboard */,
			);
			path = Resource;
			sourceTree = "<group>";
		};
		6BE7420F2C33FA90009DEE99 /* DataBase */ = {
			isa = PBXGroup;
			children = (
				6BE7420D2C33F854009DEE99 /* DataBaseManager.swift */,
				6BE742522C3552AA009DEE99 /* DataModel */,
			);
			path = DataBase;
			sourceTree = "<group>";
		};
		6BE742122C33FAAE009DEE99 /* Presentation */ = {
			isa = PBXGroup;
			children = (
				6BE7422D2C343EC5009DEE99 /* Home */,
				6B5DEDAF2C3E80BA002B458F /* AddTodoFolder */,
				6BE742222C342075009DEE99 /* Enroll */,
				6BE742132C33FB49009DEE99 /* List */,
			);
			path = Presentation;
			sourceTree = "<group>";
		};
		6BE742132C33FB49009DEE99 /* List */ = {
			isa = PBXGroup;
			children = (
				6BE742532C3552BE009DEE99 /* ViewController */,
				6B5DEDFD2C441553002B458F /* ViewModel */,
				6BE742542C3552C8009DEE99 /* Cell */,
			);
			path = List;
			sourceTree = "<group>";
		};
		6BE742142C33FBBF009DEE99 /* Extension */ = {
			isa = PBXGroup;
			children = (
				6BE742152C33FBD9009DEE99 /* Identifier+Extension.swift */,
				6BE7421C2C3409B4009DEE99 /* UILabel+Extension.swift */,
				6BE742372C34EB46009DEE99 /* UIButton+Extension.swift */,
				6BE7422B2C34310A009DEE99 /* UITextView+Extension.swift */,
				6BE742302C344C2B009DEE99 /* NotificationName+Extension.swift */,
				6BE742452C3532ED009DEE99 /* UITextField+Extension.swift */,
				6B5DEDC82C3F602F002B458F /* UIColor+Extension.swift */,
				6B5EDDC42C37E25B00D5667D /* Date+Extension.swift */,
			);
			path = Extension;
			sourceTree = "<group>";
		};
		6BE7421B2C34099D009DEE99 /* Design */ = {
			isa = PBXGroup;
			children = (
				6BE742192C34089A009DEE99 /* DesignOfFont.swift */,
				6BE742392C34ED3F009DEE99 /* DesignOfToolBarButton.swift */,
				6BF3E1992C3E601D00F231FF /* DesignOfFolderIcon.swift */,
				6B5DEDBA2C3E8FA6002B458F /* DesignOfFolderColor.swift */,
			);
			path = Design;
			sourceTree = "<group>";
		};
		6BE742222C342075009DEE99 /* Enroll */ = {
			isa = PBXGroup;
			children = (
				6BE7424D2C355256009DEE99 /* VC */,
				6B5DEDDF2C4133D0002B458F /* ViewModel */,
				6BE7424E2C355269009DEE99 /* Cell */,
				6BE7424C2C35523E009DEE99 /* Type */,
				6B5DEDE02C4133FA002B458F /* CommonView */,
			);
			path = Enroll;
			sourceTree = "<group>";
		};
		6BE7422D2C343EC5009DEE99 /* Home */ = {
			isa = PBXGroup;
			children = (
				6B5DEDAE2C3E80B4002B458F /* Home */,
			);
			path = Home;
			sourceTree = "<group>";
		};
		6BE742492C3549B0009DEE99 /* Utils */ = {
			isa = PBXGroup;
			children = (
				6BE7424A2C3549D6009DEE99 /* DateManager.swift */,
				6B5A20AE2C369A3000179AEB /* PhotoManager.swift */,
			);
			path = Utils;
			sourceTree = "<group>";
		};
		6BE7424C2C35523E009DEE99 /* Type */ = {
			isa = PBXGroup;
			children = (
				6BE742292C3425BD009DEE99 /* EnrollSections.swift */,
				6BE742472C353A11009DEE99 /* PriorityType.swift */,
			);
			path = Type;
			sourceTree = "<group>";
		};
		6BE7424D2C355256009DEE99 /* VC */ = {
			isa = PBXGroup;
			children = (
				6BE742232C342090009DEE99 /* EnrollViewController.swift */,
				6B5DEDE92C42B627002B458F /* FolderListViewController.swift */,
			);
			path = VC;
			sourceTree = "<group>";
		};
		6BE7424E2C355269009DEE99 /* Cell */ = {
			isa = PBXGroup;
			children = (
				6BE742252C34237A009DEE99 /* TitleAndMemoTableViewCell.swift */,
				6B5DEDDD2C411479002B458F /* EnrollInformationTitleTableViewCell.swift */,
				6B5DEDEF2C42B91E002B458F /* EnrollInformationNoneSwitchTableViewCell.swift */,
				6B5DEDF32C43B7AD002B458F /* PriorityTableViewCell.swift */,
				6B5DEDE32C415075002B458F /* DatePickerTableViewCell.swift */,
				6B5DEDF12C43A0C6002B458F /* ImageListTableViewCell.swift */,
				6B5DEDE12C4134B4002B458F /* TagListTableViewCell.swift */,
				6B5DEDE72C415ABA002B458F /* TagCell.swift */,
				6B5DEDED2C42B7AC002B458F /* CustomFolderTableViewCell.swift */,
			);
			path = Cell;
			sourceTree = "<group>";
		};
		6BE7424F2C35527D009DEE99 /* Cell */ = {
			isa = PBXGroup;
			children = (
				6BE742322C34CC08009DEE99 /* HomeDefaultListTypeCell.swift */,
				6BF3E1892C3E227200F231FF /* HomeCustomFolderTypeCell.swift */,
				6BE7423D2C3504B7009DEE99 /* HomeHeaderView.swift */,
			);
			path = Cell;
			sourceTree = "<group>";
		};
		6BE742502C355283009DEE99 /* SectionAndType */ = {
			isa = PBXGroup;
			children = (
				6BE7423B2C34EE75009DEE99 /* HomeFilteredFolderCellType.swift */,
				6BF3E1852C3E14C700F231FF /* HomeCollectionViewSection.swift */,
			);
			path = SectionAndType;
			sourceTree = "<group>";
		};
		6BE742522C3552AA009DEE99 /* DataModel */ = {
			isa = PBXGroup;
			children = (
				6BE742202C341B6E009DEE99 /* Todo.swift */,
				6BF3E16D2C3BC6B800F231FF /* CustomTodoFolder.swift */,
			);
			path = DataModel;
			sourceTree = "<group>";
		};
		6BE742532C3552BE009DEE99 /* ViewController */ = {
			isa = PBXGroup;
			children = (
				6BE742102C33FAA6009DEE99 /* ListViewController.swift */,
			);
			path = ViewController;
			sourceTree = "<group>";
		};
		6BE742542C3552C8009DEE99 /* Cell */ = {
			isa = PBXGroup;
			children = (
				6BE7421E2C340B6F009DEE99 /* TitleHeaderView.swift */,
				6BE742172C34010C009DEE99 /* ListTableViewCell.swift */,
			);
			path = Cell;
			sourceTree = "<group>";
		};
		6BE742552C3552E7009DEE99 /* ViewController */ = {
			isa = PBXGroup;
			children = (
				6BE741EE2C33DDAE009DEE99 /* BaseViewController.swift */,
			);
			path = ViewController;
			sourceTree = "<group>";
		};
		6BE742562C3552F1009DEE99 /* Cell */ = {
			isa = PBXGroup;
			children = (
				6BE742072C33F79B009DEE99 /* BaseCollectionViewCell.swift */,
				6BE742092C33F7C1009DEE99 /* BaseTableViewCell.swift */,
			);
			path = Cell;
			sourceTree = "<group>";
		};
		6BF3E1902C3E2C4800F231FF /* ViewModel */ = {
			isa = PBXGroup;
			children = (
				6BF3E1912C3E2C6000F231FF /* HomeViewModel.swift */,
			);
			path = ViewModel;
			sourceTree = "<group>";
		};
/* End PBXGroup section */

/* Begin PBXNativeTarget section */
		6BE741E62C33DDAE009DEE99 /* Reminder */ = {
			isa = PBXNativeTarget;
			buildConfigurationList = 6BE741FB2C33DDB0009DEE99 /* Build configuration list for PBXNativeTarget "Reminder" */;
			buildPhases = (
				6BE741E32C33DDAE009DEE99 /* Sources */,
				6BE741E42C33DDAE009DEE99 /* Frameworks */,
				6BE741E52C33DDAE009DEE99 /* Resources */,
				6B5EDDC32C37BC9C00D5667D /* Embed Frameworks */,
			);
			buildRules = (
			);
			dependencies = (
			);
			name = Reminder;
			packageProductDependencies = (
				6B5EDDCB2C39695100D5667D /* SnapKit */,
				6B5EDDCE2C39695800D5667D /* FSCalendar */,
				6B5EDDD12C39696C00D5667D /* RealmSwift */,
			);
			productName = Reminder;
			productReference = 6BE741E72C33DDAE009DEE99 /* Reminder.app */;
			productType = "com.apple.product-type.application";
		};
/* End PBXNativeTarget section */

/* Begin PBXProject section */
		6BE741DF2C33DDAE009DEE99 /* Project object */ = {
			isa = PBXProject;
			attributes = {
				BuildIndependentTargetsInParallel = 1;
				LastSwiftUpdateCheck = 1530;
				LastUpgradeCheck = 1530;
				TargetAttributes = {
					6BE741E62C33DDAE009DEE99 = {
						CreatedOnToolsVersion = 15.3;
					};
				};
			};
			buildConfigurationList = 6BE741E22C33DDAE009DEE99 /* Build configuration list for PBXProject "Reminder" */;
			compatibilityVersion = "Xcode 14.0";
			developmentRegion = en;
			hasScannedForEncodings = 0;
			knownRegions = (
				en,
				Base,
			);
			mainGroup = 6BE741DE2C33DDAE009DEE99;
			packageReferences = (
				6B5EDDCA2C39695100D5667D /* XCRemoteSwiftPackageReference "SnapKit" */,
				6B5EDDCD2C39695800D5667D /* XCRemoteSwiftPackageReference "FSCalendar" */,
				6B5EDDD02C39696C00D5667D /* XCRemoteSwiftPackageReference "realm-swift" */,
			);
			productRefGroup = 6BE741E82C33DDAE009DEE99 /* Products */;
			projectDirPath = "";
			projectRoot = "";
			targets = (
				6BE741E62C33DDAE009DEE99 /* Reminder */,
			);
		};
/* End PBXProject section */

/* Begin PBXResourcesBuildPhase section */
		6BE741E52C33DDAE009DEE99 /* Resources */ = {
			isa = PBXResourcesBuildPhase;
			buildActionMask = 2147483647;
			files = (
				6BE741F42C33DDB0009DEE99 /* Assets.xcassets in Resources */,
				6BE742022C33F5A0009DEE99 /* .gitignore in Resources */,
				6BE741F72C33DDB0009DEE99 /* Base in Resources */,
			);
			runOnlyForDeploymentPostprocessing = 0;
		};
/* End PBXResourcesBuildPhase section */

/* Begin PBXSourcesBuildPhase section */
		6BE741E32C33DDAE009DEE99 /* Sources */ = {
			isa = PBXSourcesBuildPhase;
			buildActionMask = 2147483647;
			files = (
				6BE7421D2C3409B4009DEE99 /* UILabel+Extension.swift in Sources */,
				6BE7423C2C34EE75009DEE99 /* HomeFilteredFolderCellType.swift in Sources */,
				6B5DEDBF2C3EBF52002B458F /* IconSectionCell.swift in Sources */,
				6B5DEDE62C415911002B458F /* TagViewModel.swift in Sources */,
				6BE7422F2C343ED8009DEE99 /* HomeViewController.swift in Sources */,
				6BE742382C34EB46009DEE99 /* UIButton+Extension.swift in Sources */,
				6BE742162C33FBD9009DEE99 /* Identifier+Extension.swift in Sources */,
				6B5A20AF2C369A3000179AEB /* PhotoManager.swift in Sources */,
				6BE741EF2C33DDAE009DEE99 /* BaseViewController.swift in Sources */,
				6BE7423A2C34ED3F009DEE99 /* DesignOfToolBarButton.swift in Sources */,
				6BE742262C34237A009DEE99 /* TitleAndMemoTableViewCell.swift in Sources */,
				6BE742482C353A11009DEE99 /* PriorityType.swift in Sources */,
				6B5DEDC12C3EC886002B458F /* AddFolderSection.swift in Sources */,
				6B5DEDC72C3EDD6B002B458F /* IconSectionCellViewModel.swift in Sources */,
				6BE742462C3532ED009DEE99 /* UITextField+Extension.swift in Sources */,
				6BE7422C2C34310A009DEE99 /* UITextView+Extension.swift in Sources */,
				6B5EDDBE2C37B1D200D5667D /* CalendarModal.swift in Sources */,
				6B5DEDBB2C3E8FA6002B458F /* DesignOfFolderColor.swift in Sources */,
				6B5DEDE22C4134B4002B458F /* TagListTableViewCell.swift in Sources */,
				6BE742082C33F79B009DEE99 /* BaseCollectionViewCell.swift in Sources */,
				6BF3E18A2C3E227200F231FF /* HomeCustomFolderTypeCell.swift in Sources */,
				6B5DEDF02C42B91F002B458F /* EnrollInformationNoneSwitchTableViewCell.swift in Sources */,
				6B5DEDC92C3F602F002B458F /* UIColor+Extension.swift in Sources */,
				6BE7421A2C34089A009DEE99 /* DesignOfFont.swift in Sources */,
				6B5DEDC52C3EDAD7002B458F /* ColorSectionCellViewModel.swift in Sources */,
				6B5DEDE42C415075002B458F /* DatePickerTableViewCell.swift in Sources */,
				6B5DEDB72C3E8192002B458F /* SelectColorCollectionViewCell.swift in Sources */,
				6BE741EB2C33DDAE009DEE99 /* AppDelegate.swift in Sources */,
				6BE742312C344C2B009DEE99 /* NotificationName+Extension.swift in Sources */,
				6B5DEDEE2C42B7AC002B458F /* CustomFolderTableViewCell.swift in Sources */,
				6BF3E1922C3E2C6000F231FF /* HomeViewModel.swift in Sources */,
				6B5DEDF42C43B7AD002B458F /* PriorityTableViewCell.swift in Sources */,
				6B5DEDDE2C411479002B458F /* EnrollInformationTitleTableViewCell.swift in Sources */,
				6B5DEDE82C415ABA002B458F /* TagCell.swift in Sources */,
				6B5DEDFC2C441550002B458F /* ListViewModel.swift in Sources */,
				6BE7420A2C33F7C1009DEE99 /* BaseTableViewCell.swift in Sources */,
				6BE742182C34010C009DEE99 /* ListTableViewCell.swift in Sources */,
				6B5DEDDA2C40152B002B458F /* EnrollViewModel.swift in Sources */,
				6BE7424B2C3549D6009DEE99 /* DateManager.swift in Sources */,
				6B5EDDC52C37E25B00D5667D /* Date+Extension.swift in Sources */,
				6BE7423E2C3504B7009DEE99 /* HomeHeaderView.swift in Sources */,
				6B5DEDF22C43A0C6002B458F /* ImageListTableViewCell.swift in Sources */,
				6BF3E1702C3BC9FD00F231FF /* AddFolderViewController.swift in Sources */,
				6BE7422A2C3425BD009DEE99 /* EnrollSections.swift in Sources */,
				6B5DEDB92C3E81A1002B458F /* SelectIconCollectionViewCell.swift in Sources */,
				6BE7421F2C340B6F009DEE99 /* TitleHeaderView.swift in Sources */,
				6B5DEDB52C3E8180002B458F /* TitleSectionCell.swift in Sources */,
				6B5DEDEA2C42B628002B458F /* FolderListViewController.swift in Sources */,
				6B5DEDDC2C411114002B458F /* IconAndTitleView.swift in Sources */,
				6BE7420E2C33F854009DEE99 /* DataBaseManager.swift in Sources */,
				6BE741ED2C33DDAE009DEE99 /* SceneDelegate.swift in Sources */,
				6B5DEDBD2C3EBCE4002B458F /* ColorSectionCell.swift in Sources */,
				6BE742212C341B6E009DEE99 /* Todo.swift in Sources */,
				6BF3E1862C3E14C700F231FF /* HomeCollectionViewSection.swift in Sources */,
				6BE742332C34CC08009DEE99 /* HomeDefaultListTypeCell.swift in Sources */,
				6B5DEDC32C3ED185002B458F /* AddFolderViewModel.swift in Sources */,
				6BE742242C342090009DEE99 /* EnrollViewController.swift in Sources */,
				6B5DEDEC2C42B6CB002B458F /* FolderListViewModel.swift in Sources */,
				6BE742112C33FAA6009DEE99 /* ListViewController.swift in Sources */,
				6BF3E19A2C3E601E00F231FF /* DesignOfFolderIcon.swift in Sources */,
				6BF3E16E2C3BC6B800F231FF /* CustomTodoFolder.swift in Sources */,
				6B5DEDD52C3F8685002B458F /* IconView.swift in Sources */,
			);
			runOnlyForDeploymentPostprocessing = 0;
		};
/* End PBXSourcesBuildPhase section */

/* Begin PBXVariantGroup section */
		6BE741F52C33DDB0009DEE99 /* LaunchScreen.storyboard */ = {
			isa = PBXVariantGroup;
			children = (
				6BE741F62C33DDB0009DEE99 /* Base */,
			);
			name = LaunchScreen.storyboard;
			sourceTree = "<group>";
		};
/* End PBXVariantGroup section */

/* Begin XCBuildConfiguration section */
		6BE741F92C33DDB0009DEE99 /* Debug */ = {
			isa = XCBuildConfiguration;
			buildSettings = {
				ALWAYS_SEARCH_USER_PATHS = NO;
				ASSETCATALOG_COMPILER_GENERATE_SWIFT_ASSET_SYMBOL_EXTENSIONS = YES;
				CLANG_ANALYZER_NONNULL = YES;
				CLANG_ANALYZER_NUMBER_OBJECT_CONVERSION = YES_AGGRESSIVE;
				CLANG_CXX_LANGUAGE_STANDARD = "gnu++20";
				CLANG_ENABLE_MODULES = YES;
				CLANG_ENABLE_OBJC_ARC = YES;
				CLANG_ENABLE_OBJC_WEAK = YES;
				CLANG_WARN_BLOCK_CAPTURE_AUTORELEASING = YES;
				CLANG_WARN_BOOL_CONVERSION = YES;
				CLANG_WARN_COMMA = YES;
				CLANG_WARN_CONSTANT_CONVERSION = YES;
				CLANG_WARN_DEPRECATED_OBJC_IMPLEMENTATIONS = YES;
				CLANG_WARN_DIRECT_OBJC_ISA_USAGE = YES_ERROR;
				CLANG_WARN_DOCUMENTATION_COMMENTS = YES;
				CLANG_WARN_EMPTY_BODY = YES;
				CLANG_WARN_ENUM_CONVERSION = YES;
				CLANG_WARN_INFINITE_RECURSION = YES;
				CLANG_WARN_INT_CONVERSION = YES;
				CLANG_WARN_NON_LITERAL_NULL_CONVERSION = YES;
				CLANG_WARN_OBJC_IMPLICIT_RETAIN_SELF = YES;
				CLANG_WARN_OBJC_LITERAL_CONVERSION = YES;
				CLANG_WARN_OBJC_ROOT_CLASS = YES_ERROR;
				CLANG_WARN_QUOTED_INCLUDE_IN_FRAMEWORK_HEADER = YES;
				CLANG_WARN_RANGE_LOOP_ANALYSIS = YES;
				CLANG_WARN_STRICT_PROTOTYPES = YES;
				CLANG_WARN_SUSPICIOUS_MOVE = YES;
				CLANG_WARN_UNGUARDED_AVAILABILITY = YES_AGGRESSIVE;
				CLANG_WARN_UNREACHABLE_CODE = YES;
				CLANG_WARN__DUPLICATE_METHOD_MATCH = YES;
				COPY_PHASE_STRIP = NO;
				DEBUG_INFORMATION_FORMAT = dwarf;
				ENABLE_STRICT_OBJC_MSGSEND = YES;
				ENABLE_TESTABILITY = YES;
				ENABLE_USER_SCRIPT_SANDBOXING = YES;
				GCC_C_LANGUAGE_STANDARD = gnu17;
				GCC_DYNAMIC_NO_PIC = NO;
				GCC_NO_COMMON_BLOCKS = YES;
				GCC_OPTIMIZATION_LEVEL = 0;
				GCC_PREPROCESSOR_DEFINITIONS = (
					"DEBUG=1",
					"$(inherited)",
				);
				GCC_WARN_64_TO_32_BIT_CONVERSION = YES;
				GCC_WARN_ABOUT_RETURN_TYPE = YES_ERROR;
				GCC_WARN_UNDECLARED_SELECTOR = YES;
				GCC_WARN_UNINITIALIZED_AUTOS = YES_AGGRESSIVE;
				GCC_WARN_UNUSED_FUNCTION = YES;
				GCC_WARN_UNUSED_VARIABLE = YES;
				IPHONEOS_DEPLOYMENT_TARGET = 17.4;
				LOCALIZATION_PREFERS_STRING_CATALOGS = YES;
				MTL_ENABLE_DEBUG_INFO = INCLUDE_SOURCE;
				MTL_FAST_MATH = YES;
				ONLY_ACTIVE_ARCH = YES;
				SDKROOT = iphoneos;
				SWIFT_ACTIVE_COMPILATION_CONDITIONS = "DEBUG $(inherited)";
				SWIFT_OPTIMIZATION_LEVEL = "-Onone";
			};
			name = Debug;
		};
		6BE741FA2C33DDB0009DEE99 /* Release */ = {
			isa = XCBuildConfiguration;
			buildSettings = {
				ALWAYS_SEARCH_USER_PATHS = NO;
				ASSETCATALOG_COMPILER_GENERATE_SWIFT_ASSET_SYMBOL_EXTENSIONS = YES;
				CLANG_ANALYZER_NONNULL = YES;
				CLANG_ANALYZER_NUMBER_OBJECT_CONVERSION = YES_AGGRESSIVE;
				CLANG_CXX_LANGUAGE_STANDARD = "gnu++20";
				CLANG_ENABLE_MODULES = YES;
				CLANG_ENABLE_OBJC_ARC = YES;
				CLANG_ENABLE_OBJC_WEAK = YES;
				CLANG_WARN_BLOCK_CAPTURE_AUTORELEASING = YES;
				CLANG_WARN_BOOL_CONVERSION = YES;
				CLANG_WARN_COMMA = YES;
				CLANG_WARN_CONSTANT_CONVERSION = YES;
				CLANG_WARN_DEPRECATED_OBJC_IMPLEMENTATIONS = YES;
				CLANG_WARN_DIRECT_OBJC_ISA_USAGE = YES_ERROR;
				CLANG_WARN_DOCUMENTATION_COMMENTS = YES;
				CLANG_WARN_EMPTY_BODY = YES;
				CLANG_WARN_ENUM_CONVERSION = YES;
				CLANG_WARN_INFINITE_RECURSION = YES;
				CLANG_WARN_INT_CONVERSION = YES;
				CLANG_WARN_NON_LITERAL_NULL_CONVERSION = YES;
				CLANG_WARN_OBJC_IMPLICIT_RETAIN_SELF = YES;
				CLANG_WARN_OBJC_LITERAL_CONVERSION = YES;
				CLANG_WARN_OBJC_ROOT_CLASS = YES_ERROR;
				CLANG_WARN_QUOTED_INCLUDE_IN_FRAMEWORK_HEADER = YES;
				CLANG_WARN_RANGE_LOOP_ANALYSIS = YES;
				CLANG_WARN_STRICT_PROTOTYPES = YES;
				CLANG_WARN_SUSPICIOUS_MOVE = YES;
				CLANG_WARN_UNGUARDED_AVAILABILITY = YES_AGGRESSIVE;
				CLANG_WARN_UNREACHABLE_CODE = YES;
				CLANG_WARN__DUPLICATE_METHOD_MATCH = YES;
				COPY_PHASE_STRIP = NO;
				DEBUG_INFORMATION_FORMAT = "dwarf-with-dsym";
				ENABLE_NS_ASSERTIONS = NO;
				ENABLE_STRICT_OBJC_MSGSEND = YES;
				ENABLE_USER_SCRIPT_SANDBOXING = YES;
				GCC_C_LANGUAGE_STANDARD = gnu17;
				GCC_NO_COMMON_BLOCKS = YES;
				GCC_WARN_64_TO_32_BIT_CONVERSION = YES;
				GCC_WARN_ABOUT_RETURN_TYPE = YES_ERROR;
				GCC_WARN_UNDECLARED_SELECTOR = YES;
				GCC_WARN_UNINITIALIZED_AUTOS = YES_AGGRESSIVE;
				GCC_WARN_UNUSED_FUNCTION = YES;
				GCC_WARN_UNUSED_VARIABLE = YES;
				IPHONEOS_DEPLOYMENT_TARGET = 17.4;
				LOCALIZATION_PREFERS_STRING_CATALOGS = YES;
				MTL_ENABLE_DEBUG_INFO = NO;
				MTL_FAST_MATH = YES;
				SDKROOT = iphoneos;
				SWIFT_COMPILATION_MODE = wholemodule;
				VALIDATE_PRODUCT = YES;
			};
			name = Release;
		};
		6BE741FC2C33DDB0009DEE99 /* Debug */ = {
			isa = XCBuildConfiguration;
			buildSettings = {
				ASSETCATALOG_COMPILER_APPICON_NAME = AppIcon;
				ASSETCATALOG_COMPILER_GLOBAL_ACCENT_COLOR_NAME = AccentColor;
				CODE_SIGN_STYLE = Automatic;
				CURRENT_PROJECT_VERSION = 1;
				DEVELOPMENT_TEAM = F8Q3Y446GH;
				GENERATE_INFOPLIST_FILE = YES;
				INFOPLIST_FILE = Reminder/Info.plist;
				INFOPLIST_KEY_UIApplicationSupportsIndirectInputEvents = YES;
				INFOPLIST_KEY_UILaunchStoryboardName = LaunchScreen;
				INFOPLIST_KEY_UISupportedInterfaceOrientations = UIInterfaceOrientationPortrait;
				INFOPLIST_KEY_UISupportedInterfaceOrientations_iPad = "UIInterfaceOrientationLandscapeLeft UIInterfaceOrientationLandscapeRight UIInterfaceOrientationPortrait UIInterfaceOrientationPortraitUpsideDown";
				IPHONEOS_DEPLOYMENT_TARGET = 16.0;
				LD_RUNPATH_SEARCH_PATHS = (
					"$(inherited)",
					"@executable_path/Frameworks",
				);
				MARKETING_VERSION = 1.0;
				PRODUCT_BUNDLE_IDENTIFIER = beom.Reminder;
				PRODUCT_NAME = "$(TARGET_NAME)";
				SUPPORTED_PLATFORMS = "iphoneos iphonesimulator";
				SUPPORTS_MACCATALYST = NO;
				SUPPORTS_MAC_DESIGNED_FOR_IPHONE_IPAD = NO;
				SUPPORTS_XR_DESIGNED_FOR_IPHONE_IPAD = NO;
				SWIFT_EMIT_LOC_STRINGS = YES;
				SWIFT_VERSION = 5.0;
				TARGETED_DEVICE_FAMILY = 1;
			};
			name = Debug;
		};
		6BE741FD2C33DDB0009DEE99 /* Release */ = {
			isa = XCBuildConfiguration;
			buildSettings = {
				ASSETCATALOG_COMPILER_APPICON_NAME = AppIcon;
				ASSETCATALOG_COMPILER_GLOBAL_ACCENT_COLOR_NAME = AccentColor;
				CODE_SIGN_STYLE = Automatic;
				CURRENT_PROJECT_VERSION = 1;
				DEVELOPMENT_TEAM = F8Q3Y446GH;
				GENERATE_INFOPLIST_FILE = YES;
				INFOPLIST_FILE = Reminder/Info.plist;
				INFOPLIST_KEY_UIApplicationSupportsIndirectInputEvents = YES;
				INFOPLIST_KEY_UILaunchStoryboardName = LaunchScreen;
				INFOPLIST_KEY_UISupportedInterfaceOrientations = UIInterfaceOrientationPortrait;
				INFOPLIST_KEY_UISupportedInterfaceOrientations_iPad = "UIInterfaceOrientationLandscapeLeft UIInterfaceOrientationLandscapeRight UIInterfaceOrientationPortrait UIInterfaceOrientationPortraitUpsideDown";
				IPHONEOS_DEPLOYMENT_TARGET = 16.0;
				LD_RUNPATH_SEARCH_PATHS = (
					"$(inherited)",
					"@executable_path/Frameworks",
				);
				MARKETING_VERSION = 1.0;
				PRODUCT_BUNDLE_IDENTIFIER = beom.Reminder;
				PRODUCT_NAME = "$(TARGET_NAME)";
				SUPPORTED_PLATFORMS = "iphoneos iphonesimulator";
				SUPPORTS_MACCATALYST = NO;
				SUPPORTS_MAC_DESIGNED_FOR_IPHONE_IPAD = NO;
				SUPPORTS_XR_DESIGNED_FOR_IPHONE_IPAD = NO;
				SWIFT_EMIT_LOC_STRINGS = YES;
				SWIFT_VERSION = 5.0;
				TARGETED_DEVICE_FAMILY = 1;
			};
			name = Release;
		};
/* End XCBuildConfiguration section */

/* Begin XCConfigurationList section */
		6BE741E22C33DDAE009DEE99 /* Build configuration list for PBXProject "Reminder" */ = {
			isa = XCConfigurationList;
			buildConfigurations = (
				6BE741F92C33DDB0009DEE99 /* Debug */,
				6BE741FA2C33DDB0009DEE99 /* Release */,
			);
			defaultConfigurationIsVisible = 0;
			defaultConfigurationName = Release;
		};
		6BE741FB2C33DDB0009DEE99 /* Build configuration list for PBXNativeTarget "Reminder" */ = {
			isa = XCConfigurationList;
			buildConfigurations = (
				6BE741FC2C33DDB0009DEE99 /* Debug */,
				6BE741FD2C33DDB0009DEE99 /* Release */,
			);
			defaultConfigurationIsVisible = 0;
			defaultConfigurationName = Release;
		};
/* End XCConfigurationList section */

/* Begin XCRemoteSwiftPackageReference section */
		6B5EDDCA2C39695100D5667D /* XCRemoteSwiftPackageReference "SnapKit" */ = {
			isa = XCRemoteSwiftPackageReference;
			repositoryURL = "https://github.com/SnapKit/SnapKit.git";
			requirement = {
				kind = upToNextMajorVersion;
				minimumVersion = 5.7.1;
			};
		};
		6B5EDDCD2C39695800D5667D /* XCRemoteSwiftPackageReference "FSCalendar" */ = {
			isa = XCRemoteSwiftPackageReference;
			repositoryURL = "https://github.com/WenchaoD/FSCalendar.git";
			requirement = {
				kind = upToNextMajorVersion;
				minimumVersion = 2.8.4;
			};
		};
		6B5EDDD02C39696C00D5667D /* XCRemoteSwiftPackageReference "realm-swift" */ = {
			isa = XCRemoteSwiftPackageReference;
			repositoryURL = "https://github.com/realm/realm-swift.git";
			requirement = {
				kind = exactVersion;
				version = 10.52.1;
			};
		};
/* End XCRemoteSwiftPackageReference section */

/* Begin XCSwiftPackageProductDependency section */
		6B5EDDCB2C39695100D5667D /* SnapKit */ = {
			isa = XCSwiftPackageProductDependency;
			package = 6B5EDDCA2C39695100D5667D /* XCRemoteSwiftPackageReference "SnapKit" */;
			productName = SnapKit;
		};
		6B5EDDCE2C39695800D5667D /* FSCalendar */ = {
			isa = XCSwiftPackageProductDependency;
			package = 6B5EDDCD2C39695800D5667D /* XCRemoteSwiftPackageReference "FSCalendar" */;
			productName = FSCalendar;
		};
		6B5EDDD12C39696C00D5667D /* RealmSwift */ = {
			isa = XCSwiftPackageProductDependency;
			package = 6B5EDDD02C39696C00D5667D /* XCRemoteSwiftPackageReference "realm-swift" */;
			productName = RealmSwift;
		};
/* End XCSwiftPackageProductDependency section */
	};
	rootObject = 6BE741DF2C33DDAE009DEE99 /* Project object */;
}
