// !$*UTF8*$!
{
	archiveVersion = 1;
	classes = {
	};
	objectVersion = 56;
	objects = {

/* Begin PBXBuildFile section */
		6BE741EB2C33DDAE009DEE99 /* AppDelegate.swift in Sources */ = {isa = PBXBuildFile; fileRef = 6BE741EA2C33DDAE009DEE99 /* AppDelegate.swift */; };
		6BE741ED2C33DDAE009DEE99 /* SceneDelegate.swift in Sources */ = {isa = PBXBuildFile; fileRef = 6BE741EC2C33DDAE009DEE99 /* SceneDelegate.swift */; };
		6BE741EF2C33DDAE009DEE99 /* BaseViewController.swift in Sources */ = {isa = PBXBuildFile; fileRef = 6BE741EE2C33DDAE009DEE99 /* BaseViewController.swift */; };
		6BE741F42C33DDB0009DEE99 /* Assets.xcassets in Resources */ = {isa = PBXBuildFile; fileRef = 6BE741F32C33DDB0009DEE99 /* Assets.xcassets */; };
		6BE741F72C33DDB0009DEE99 /* Base in Resources */ = {isa = PBXBuildFile; fileRef = 6BE741F62C33DDB0009DEE99 /* Base */; };
		6BE742002C33F4A0009DEE99 /* SnapKit in Frameworks */ = {isa = PBXBuildFile; productRef = 6BE741FF2C33F4A0009DEE99 /* SnapKit */; };
		6BE742022C33F5A0009DEE99 /* .gitignore in Resources */ = {isa = PBXBuildFile; fileRef = 6BE742012C33F5A0009DEE99 /* .gitignore */; };
		6BE742052C33F614009DEE99 /* RealmSwift in Frameworks */ = {isa = PBXBuildFile; productRef = 6BE742042C33F614009DEE99 /* RealmSwift */; };
		6BE742082C33F79B009DEE99 /* BaseCollectionViewCell.swift in Sources */ = {isa = PBXBuildFile; fileRef = 6BE742072C33F79B009DEE99 /* BaseCollectionViewCell.swift */; };
		6BE7420A2C33F7C1009DEE99 /* BaseTableViewCell.swift in Sources */ = {isa = PBXBuildFile; fileRef = 6BE742092C33F7C1009DEE99 /* BaseTableViewCell.swift */; };
		6BE7420E2C33F854009DEE99 /* DataBaseManager.swift in Sources */ = {isa = PBXBuildFile; fileRef = 6BE7420D2C33F854009DEE99 /* DataBaseManager.swift */; };
		6BE742112C33FAA6009DEE99 /* ListViewController.swift in Sources */ = {isa = PBXBuildFile; fileRef = 6BE742102C33FAA6009DEE99 /* ListViewController.swift */; };
		6BE742162C33FBD9009DEE99 /* Identifier+Extension.swift in Sources */ = {isa = PBXBuildFile; fileRef = 6BE742152C33FBD9009DEE99 /* Identifier+Extension.swift */; };
		6BE742182C34010C009DEE99 /* ListTableViewCell.swift in Sources */ = {isa = PBXBuildFile; fileRef = 6BE742172C34010C009DEE99 /* ListTableViewCell.swift */; };
		6BE7421A2C34089A009DEE99 /* DesignOfFont.swift in Sources */ = {isa = PBXBuildFile; fileRef = 6BE742192C34089A009DEE99 /* DesignOfFont.swift */; };
		6BE7421D2C3409B4009DEE99 /* UILabel+Extension.swift in Sources */ = {isa = PBXBuildFile; fileRef = 6BE7421C2C3409B4009DEE99 /* UILabel+Extension.swift */; };
		6BE7421F2C340B6F009DEE99 /* TitleHeaderView.swift in Sources */ = {isa = PBXBuildFile; fileRef = 6BE7421E2C340B6F009DEE99 /* TitleHeaderView.swift */; };
		6BE742212C341B6E009DEE99 /* Todo.swift in Sources */ = {isa = PBXBuildFile; fileRef = 6BE742202C341B6E009DEE99 /* Todo.swift */; };
		6BE742242C342090009DEE99 /* EnrollViewController.swift in Sources */ = {isa = PBXBuildFile; fileRef = 6BE742232C342090009DEE99 /* EnrollViewController.swift */; };
		6BE742262C34237A009DEE99 /* TitleAndMemoTableViewCell.swift in Sources */ = {isa = PBXBuildFile; fileRef = 6BE742252C34237A009DEE99 /* TitleAndMemoTableViewCell.swift */; };
		6BE742282C34240F009DEE99 /* EnrollExtraTableViewCell.swift in Sources */ = {isa = PBXBuildFile; fileRef = 6BE742272C34240F009DEE99 /* EnrollExtraTableViewCell.swift */; };
		6BE7422A2C3425BD009DEE99 /* EnrollSections.swift in Sources */ = {isa = PBXBuildFile; fileRef = 6BE742292C3425BD009DEE99 /* EnrollSections.swift */; };
		6BE7422C2C34310A009DEE99 /* UITextView+Extension.swift in Sources */ = {isa = PBXBuildFile; fileRef = 6BE7422B2C34310A009DEE99 /* UITextView+Extension.swift */; };
		6BE7422F2C343ED8009DEE99 /* HomeViewController.swift in Sources */ = {isa = PBXBuildFile; fileRef = 6BE7422E2C343ED8009DEE99 /* HomeViewController.swift */; };
		6BE742312C344C2B009DEE99 /* NotificationName+Extension.swift in Sources */ = {isa = PBXBuildFile; fileRef = 6BE742302C344C2B009DEE99 /* NotificationName+Extension.swift */; };
		6BE742332C34CC08009DEE99 /* HomeCollectionViewCell.swift in Sources */ = {isa = PBXBuildFile; fileRef = 6BE742322C34CC08009DEE99 /* HomeCollectionViewCell.swift */; };
		6BE742382C34EB46009DEE99 /* UIButton+Extension.swift in Sources */ = {isa = PBXBuildFile; fileRef = 6BE742372C34EB46009DEE99 /* UIButton+Extension.swift */; };
		6BE7423A2C34ED3F009DEE99 /* DesignOfToolBarButton.swift in Sources */ = {isa = PBXBuildFile; fileRef = 6BE742392C34ED3F009DEE99 /* DesignOfToolBarButton.swift */; };
		6BE7423C2C34EE75009DEE99 /* HomeCollectionViewCellType.swift in Sources */ = {isa = PBXBuildFile; fileRef = 6BE7423B2C34EE75009DEE99 /* HomeCollectionViewCellType.swift */; };
		6BE7423E2C3504B7009DEE99 /* HomeHeaderView.swift in Sources */ = {isa = PBXBuildFile; fileRef = 6BE7423D2C3504B7009DEE99 /* HomeHeaderView.swift */; };
/* End PBXBuildFile section */

/* Begin PBXFileReference section */
		6BE741E72C33DDAE009DEE99 /* Reminder.app */ = {isa = PBXFileReference; explicitFileType = wrapper.application; includeInIndex = 0; path = Reminder.app; sourceTree = BUILT_PRODUCTS_DIR; };
		6BE741EA2C33DDAE009DEE99 /* AppDelegate.swift */ = {isa = PBXFileReference; lastKnownFileType = sourcecode.swift; path = AppDelegate.swift; sourceTree = "<group>"; };
		6BE741EC2C33DDAE009DEE99 /* SceneDelegate.swift */ = {isa = PBXFileReference; lastKnownFileType = sourcecode.swift; path = SceneDelegate.swift; sourceTree = "<group>"; };
		6BE741EE2C33DDAE009DEE99 /* BaseViewController.swift */ = {isa = PBXFileReference; lastKnownFileType = sourcecode.swift; path = BaseViewController.swift; sourceTree = "<group>"; };
		6BE741F32C33DDB0009DEE99 /* Assets.xcassets */ = {isa = PBXFileReference; lastKnownFileType = folder.assetcatalog; path = Assets.xcassets; sourceTree = "<group>"; };
		6BE741F62C33DDB0009DEE99 /* Base */ = {isa = PBXFileReference; lastKnownFileType = file.storyboard; name = Base; path = Base.lproj/LaunchScreen.storyboard; sourceTree = "<group>"; };
		6BE741F82C33DDB0009DEE99 /* Info.plist */ = {isa = PBXFileReference; lastKnownFileType = text.plist.xml; path = Info.plist; sourceTree = "<group>"; };
		6BE742012C33F5A0009DEE99 /* .gitignore */ = {isa = PBXFileReference; lastKnownFileType = text; path = .gitignore; sourceTree = "<group>"; };
		6BE742072C33F79B009DEE99 /* BaseCollectionViewCell.swift */ = {isa = PBXFileReference; lastKnownFileType = sourcecode.swift; path = BaseCollectionViewCell.swift; sourceTree = "<group>"; };
		6BE742092C33F7C1009DEE99 /* BaseTableViewCell.swift */ = {isa = PBXFileReference; lastKnownFileType = sourcecode.swift; path = BaseTableViewCell.swift; sourceTree = "<group>"; };
		6BE7420D2C33F854009DEE99 /* DataBaseManager.swift */ = {isa = PBXFileReference; lastKnownFileType = sourcecode.swift; path = DataBaseManager.swift; sourceTree = "<group>"; };
		6BE742102C33FAA6009DEE99 /* ListViewController.swift */ = {isa = PBXFileReference; lastKnownFileType = sourcecode.swift; path = ListViewController.swift; sourceTree = "<group>"; };
		6BE742152C33FBD9009DEE99 /* Identifier+Extension.swift */ = {isa = PBXFileReference; lastKnownFileType = sourcecode.swift; path = "Identifier+Extension.swift"; sourceTree = "<group>"; };
		6BE742172C34010C009DEE99 /* ListTableViewCell.swift */ = {isa = PBXFileReference; lastKnownFileType = sourcecode.swift; path = ListTableViewCell.swift; sourceTree = "<group>"; };
		6BE742192C34089A009DEE99 /* DesignOfFont.swift */ = {isa = PBXFileReference; lastKnownFileType = sourcecode.swift; path = DesignOfFont.swift; sourceTree = "<group>"; };
		6BE7421C2C3409B4009DEE99 /* UILabel+Extension.swift */ = {isa = PBXFileReference; lastKnownFileType = sourcecode.swift; path = "UILabel+Extension.swift"; sourceTree = "<group>"; };
		6BE7421E2C340B6F009DEE99 /* TitleHeaderView.swift */ = {isa = PBXFileReference; lastKnownFileType = sourcecode.swift; path = TitleHeaderView.swift; sourceTree = "<group>"; };
		6BE742202C341B6E009DEE99 /* Todo.swift */ = {isa = PBXFileReference; lastKnownFileType = sourcecode.swift; path = Todo.swift; sourceTree = "<group>"; };
		6BE742232C342090009DEE99 /* EnrollViewController.swift */ = {isa = PBXFileReference; lastKnownFileType = sourcecode.swift; path = EnrollViewController.swift; sourceTree = "<group>"; };
		6BE742252C34237A009DEE99 /* TitleAndMemoTableViewCell.swift */ = {isa = PBXFileReference; lastKnownFileType = sourcecode.swift; path = TitleAndMemoTableViewCell.swift; sourceTree = "<group>"; };
		6BE742272C34240F009DEE99 /* EnrollExtraTableViewCell.swift */ = {isa = PBXFileReference; lastKnownFileType = sourcecode.swift; path = EnrollExtraTableViewCell.swift; sourceTree = "<group>"; };
		6BE742292C3425BD009DEE99 /* EnrollSections.swift */ = {isa = PBXFileReference; lastKnownFileType = sourcecode.swift; path = EnrollSections.swift; sourceTree = "<group>"; };
		6BE7422B2C34310A009DEE99 /* UITextView+Extension.swift */ = {isa = PBXFileReference; lastKnownFileType = sourcecode.swift; path = "UITextView+Extension.swift"; sourceTree = "<group>"; };
		6BE7422E2C343ED8009DEE99 /* HomeViewController.swift */ = {isa = PBXFileReference; lastKnownFileType = sourcecode.swift; path = HomeViewController.swift; sourceTree = "<group>"; };
		6BE742302C344C2B009DEE99 /* NotificationName+Extension.swift */ = {isa = PBXFileReference; lastKnownFileType = sourcecode.swift; path = "NotificationName+Extension.swift"; sourceTree = "<group>"; };
		6BE742322C34CC08009DEE99 /* HomeCollectionViewCell.swift */ = {isa = PBXFileReference; lastKnownFileType = sourcecode.swift; path = HomeCollectionViewCell.swift; sourceTree = "<group>"; };
		6BE742372C34EB46009DEE99 /* UIButton+Extension.swift */ = {isa = PBXFileReference; lastKnownFileType = sourcecode.swift; path = "UIButton+Extension.swift"; sourceTree = "<group>"; };
		6BE742392C34ED3F009DEE99 /* DesignOfToolBarButton.swift */ = {isa = PBXFileReference; lastKnownFileType = sourcecode.swift; path = DesignOfToolBarButton.swift; sourceTree = "<group>"; };
		6BE7423B2C34EE75009DEE99 /* HomeCollectionViewCellType.swift */ = {isa = PBXFileReference; lastKnownFileType = sourcecode.swift; path = HomeCollectionViewCellType.swift; sourceTree = "<group>"; };
		6BE7423D2C3504B7009DEE99 /* HomeHeaderView.swift */ = {isa = PBXFileReference; lastKnownFileType = sourcecode.swift; path = HomeHeaderView.swift; sourceTree = "<group>"; };
/* End PBXFileReference section */

/* Begin PBXFrameworksBuildPhase section */
		6BE741E42C33DDAE009DEE99 /* Frameworks */ = {
			isa = PBXFrameworksBuildPhase;
			buildActionMask = 2147483647;
			files = (
				6BE742052C33F614009DEE99 /* RealmSwift in Frameworks */,
				6BE742002C33F4A0009DEE99 /* SnapKit in Frameworks */,
			);
			runOnlyForDeploymentPostprocessing = 0;
		};
/* End PBXFrameworksBuildPhase section */

/* Begin PBXGroup section */
		6BE741DE2C33DDAE009DEE99 = {
			isa = PBXGroup;
			children = (
				6BE742012C33F5A0009DEE99 /* .gitignore */,
				6BE741E92C33DDAE009DEE99 /* Reminder */,
				6BE741E82C33DDAE009DEE99 /* Products */,
			);
			sourceTree = "<group>";
		};
		6BE741E82C33DDAE009DEE99 /* Products */ = {
			isa = PBXGroup;
			children = (
				6BE741E72C33DDAE009DEE99 /* Reminder.app */,
			);
			name = Products;
			sourceTree = "<group>";
		};
		6BE741E92C33DDAE009DEE99 /* Reminder */ = {
			isa = PBXGroup;
			children = (
				6BE7420B2C33F816009DEE99 /* LifeCycle */,
				6BE742062C33F78B009DEE99 /* Base */,
				6BE742122C33FAAE009DEE99 /* Presentation */,
				6BE7420F2C33FA90009DEE99 /* DataBase */,
				6BE742142C33FBBF009DEE99 /* Extension */,
				6BE7420C2C33F821009DEE99 /* Resource */,
				6BE741F82C33DDB0009DEE99 /* Info.plist */,
			);
			path = Reminder;
			sourceTree = "<group>";
		};
		6BE742062C33F78B009DEE99 /* Base */ = {
			isa = PBXGroup;
			children = (
				6BE741EE2C33DDAE009DEE99 /* BaseViewController.swift */,
				6BE742072C33F79B009DEE99 /* BaseCollectionViewCell.swift */,
				6BE742092C33F7C1009DEE99 /* BaseTableViewCell.swift */,
			);
			path = Base;
			sourceTree = "<group>";
		};
		6BE7420B2C33F816009DEE99 /* LifeCycle */ = {
			isa = PBXGroup;
			children = (
				6BE741EA2C33DDAE009DEE99 /* AppDelegate.swift */,
				6BE741EC2C33DDAE009DEE99 /* SceneDelegate.swift */,
			);
			path = LifeCycle;
			sourceTree = "<group>";
		};
		6BE7420C2C33F821009DEE99 /* Resource */ = {
			isa = PBXGroup;
			children = (
				6BE7421B2C34099D009DEE99 /* Design */,
				6BE741F32C33DDB0009DEE99 /* Assets.xcassets */,
				6BE741F52C33DDB0009DEE99 /* LaunchScreen.storyboard */,
			);
			path = Resource;
			sourceTree = "<group>";
		};
		6BE7420F2C33FA90009DEE99 /* DataBase */ = {
			isa = PBXGroup;
			children = (
				6BE7420D2C33F854009DEE99 /* DataBaseManager.swift */,
				6BE742202C341B6E009DEE99 /* Todo.swift */,
			);
			path = DataBase;
			sourceTree = "<group>";
		};
		6BE742122C33FAAE009DEE99 /* Presentation */ = {
			isa = PBXGroup;
			children = (
				6BE7422D2C343EC5009DEE99 /* Home */,
				6BE742222C342075009DEE99 /* Enroll */,
				6BE742132C33FB49009DEE99 /* List */,
			);
			path = Presentation;
			sourceTree = "<group>";
		};
		6BE742132C33FB49009DEE99 /* List */ = {
			isa = PBXGroup;
			children = (
				6BE742102C33FAA6009DEE99 /* ListViewController.swift */,
				6BE742172C34010C009DEE99 /* ListTableViewCell.swift */,
				6BE7421E2C340B6F009DEE99 /* TitleHeaderView.swift */,
			);
			path = List;
			sourceTree = "<group>";
		};
		6BE742142C33FBBF009DEE99 /* Extension */ = {
			isa = PBXGroup;
			children = (
				6BE742152C33FBD9009DEE99 /* Identifier+Extension.swift */,
				6BE7421C2C3409B4009DEE99 /* UILabel+Extension.swift */,
				6BE742372C34EB46009DEE99 /* UIButton+Extension.swift */,
				6BE7422B2C34310A009DEE99 /* UITextView+Extension.swift */,
				6BE742302C344C2B009DEE99 /* NotificationName+Extension.swift */,
			);
			path = Extension;
			sourceTree = "<group>";
		};
		6BE7421B2C34099D009DEE99 /* Design */ = {
			isa = PBXGroup;
			children = (
				6BE742192C34089A009DEE99 /* DesignOfFont.swift */,
				6BE742392C34ED3F009DEE99 /* DesignOfToolBarButton.swift */,
			);
			path = Design;
			sourceTree = "<group>";
		};
		6BE742222C342075009DEE99 /* Enroll */ = {
			isa = PBXGroup;
			children = (
				6BE742232C342090009DEE99 /* EnrollViewController.swift */,
				6BE742252C34237A009DEE99 /* TitleAndMemoTableViewCell.swift */,
				6BE742272C34240F009DEE99 /* EnrollExtraTableViewCell.swift */,
				6BE742292C3425BD009DEE99 /* EnrollSections.swift */,
			);
			path = Enroll;
			sourceTree = "<group>";
		};
		6BE7422D2C343EC5009DEE99 /* Home */ = {
			isa = PBXGroup;
			children = (
				6BE7422E2C343ED8009DEE99 /* HomeViewController.swift */,
				6BE742322C34CC08009DEE99 /* HomeCollectionViewCell.swift */,
				6BE7423B2C34EE75009DEE99 /* HomeCollectionViewCellType.swift */,
				6BE7423D2C3504B7009DEE99 /* HomeHeaderView.swift */,
			);
			path = Home;
			sourceTree = "<group>";
		};
/* End PBXGroup section */

/* Begin PBXNativeTarget section */
		6BE741E62C33DDAE009DEE99 /* Reminder */ = {
			isa = PBXNativeTarget;
			buildConfigurationList = 6BE741FB2C33DDB0009DEE99 /* Build configuration list for PBXNativeTarget "Reminder" */;
			buildPhases = (
				6BE741E32C33DDAE009DEE99 /* Sources */,
				6BE741E42C33DDAE009DEE99 /* Frameworks */,
				6BE741E52C33DDAE009DEE99 /* Resources */,
			);
			buildRules = (
			);
			dependencies = (
			);
			name = Reminder;
			packageProductDependencies = (
				6BE741FF2C33F4A0009DEE99 /* SnapKit */,
				6BE742042C33F614009DEE99 /* RealmSwift */,
			);
			productName = Reminder;
			productReference = 6BE741E72C33DDAE009DEE99 /* Reminder.app */;
			productType = "com.apple.product-type.application";
		};
/* End PBXNativeTarget section */

/* Begin PBXProject section */
		6BE741DF2C33DDAE009DEE99 /* Project object */ = {
			isa = PBXProject;
			attributes = {
				BuildIndependentTargetsInParallel = 1;
				LastSwiftUpdateCheck = 1530;
				LastUpgradeCheck = 1530;
				TargetAttributes = {
					6BE741E62C33DDAE009DEE99 = {
						CreatedOnToolsVersion = 15.3;
					};
				};
			};
			buildConfigurationList = 6BE741E22C33DDAE009DEE99 /* Build configuration list for PBXProject "Reminder" */;
			compatibilityVersion = "Xcode 14.0";
			developmentRegion = en;
			hasScannedForEncodings = 0;
			knownRegions = (
				en,
				Base,
			);
			mainGroup = 6BE741DE2C33DDAE009DEE99;
			packageReferences = (
				6BE741FE2C33F4A0009DEE99 /* XCRemoteSwiftPackageReference "SnapKit" */,
				6BE742032C33F614009DEE99 /* XCRemoteSwiftPackageReference "realm-swift" */,
			);
			productRefGroup = 6BE741E82C33DDAE009DEE99 /* Products */;
			projectDirPath = "";
			projectRoot = "";
			targets = (
				6BE741E62C33DDAE009DEE99 /* Reminder */,
			);
		};
/* End PBXProject section */

/* Begin PBXResourcesBuildPhase section */
		6BE741E52C33DDAE009DEE99 /* Resources */ = {
			isa = PBXResourcesBuildPhase;
			buildActionMask = 2147483647;
			files = (
				6BE741F42C33DDB0009DEE99 /* Assets.xcassets in Resources */,
				6BE742022C33F5A0009DEE99 /* .gitignore in Resources */,
				6BE741F72C33DDB0009DEE99 /* Base in Resources */,
			);
			runOnlyForDeploymentPostprocessing = 0;
		};
/* End PBXResourcesBuildPhase section */

/* Begin PBXSourcesBuildPhase section */
		6BE741E32C33DDAE009DEE99 /* Sources */ = {
			isa = PBXSourcesBuildPhase;
			buildActionMask = 2147483647;
			files = (
				6BE742282C34240F009DEE99 /* EnrollExtraTableViewCell.swift in Sources */,
				6BE7421D2C3409B4009DEE99 /* UILabel+Extension.swift in Sources */,
				6BE7423C2C34EE75009DEE99 /* HomeCollectionViewCellType.swift in Sources */,
				6BE7422F2C343ED8009DEE99 /* HomeViewController.swift in Sources */,
				6BE742382C34EB46009DEE99 /* UIButton+Extension.swift in Sources */,
				6BE742162C33FBD9009DEE99 /* Identifier+Extension.swift in Sources */,
				6BE741EF2C33DDAE009DEE99 /* BaseViewController.swift in Sources */,
				6BE7423A2C34ED3F009DEE99 /* DesignOfToolBarButton.swift in Sources */,
				6BE742262C34237A009DEE99 /* TitleAndMemoTableViewCell.swift in Sources */,
				6BE7422C2C34310A009DEE99 /* UITextView+Extension.swift in Sources */,
				6BE742082C33F79B009DEE99 /* BaseCollectionViewCell.swift in Sources */,
				6BE7421A2C34089A009DEE99 /* DesignOfFont.swift in Sources */,
				6BE741EB2C33DDAE009DEE99 /* AppDelegate.swift in Sources */,
				6BE742312C344C2B009DEE99 /* NotificationName+Extension.swift in Sources */,
				6BE7420A2C33F7C1009DEE99 /* BaseTableViewCell.swift in Sources */,
				6BE742182C34010C009DEE99 /* ListTableViewCell.swift in Sources */,
				6BE7423E2C3504B7009DEE99 /* HomeHeaderView.swift in Sources */,
				6BE7422A2C3425BD009DEE99 /* EnrollSections.swift in Sources */,
				6BE7421F2C340B6F009DEE99 /* TitleHeaderView.swift in Sources */,
				6BE7420E2C33F854009DEE99 /* DataBaseManager.swift in Sources */,
				6BE741ED2C33DDAE009DEE99 /* SceneDelegate.swift in Sources */,
				6BE742212C341B6E009DEE99 /* Todo.swift in Sources */,
				6BE742332C34CC08009DEE99 /* HomeCollectionViewCell.swift in Sources */,
				6BE742242C342090009DEE99 /* EnrollViewController.swift in Sources */,
				6BE742112C33FAA6009DEE99 /* ListViewController.swift in Sources */,
			);
			runOnlyForDeploymentPostprocessing = 0;
		};
/* End PBXSourcesBuildPhase section */

/* Begin PBXVariantGroup section */
		6BE741F52C33DDB0009DEE99 /* LaunchScreen.storyboard */ = {
			isa = PBXVariantGroup;
			children = (
				6BE741F62C33DDB0009DEE99 /* Base */,
			);
			name = LaunchScreen.storyboard;
			sourceTree = "<group>";
		};
/* End PBXVariantGroup section */

/* Begin XCBuildConfiguration section */
		6BE741F92C33DDB0009DEE99 /* Debug */ = {
			isa = XCBuildConfiguration;
			buildSettings = {
				ALWAYS_SEARCH_USER_PATHS = NO;
				ASSETCATALOG_COMPILER_GENERATE_SWIFT_ASSET_SYMBOL_EXTENSIONS = YES;
				CLANG_ANALYZER_NONNULL = YES;
				CLANG_ANALYZER_NUMBER_OBJECT_CONVERSION = YES_AGGRESSIVE;
				CLANG_CXX_LANGUAGE_STANDARD = "gnu++20";
				CLANG_ENABLE_MODULES = YES;
				CLANG_ENABLE_OBJC_ARC = YES;
				CLANG_ENABLE_OBJC_WEAK = YES;
				CLANG_WARN_BLOCK_CAPTURE_AUTORELEASING = YES;
				CLANG_WARN_BOOL_CONVERSION = YES;
				CLANG_WARN_COMMA = YES;
				CLANG_WARN_CONSTANT_CONVERSION = YES;
				CLANG_WARN_DEPRECATED_OBJC_IMPLEMENTATIONS = YES;
				CLANG_WARN_DIRECT_OBJC_ISA_USAGE = YES_ERROR;
				CLANG_WARN_DOCUMENTATION_COMMENTS = YES;
				CLANG_WARN_EMPTY_BODY = YES;
				CLANG_WARN_ENUM_CONVERSION = YES;
				CLANG_WARN_INFINITE_RECURSION = YES;
				CLANG_WARN_INT_CONVERSION = YES;
				CLANG_WARN_NON_LITERAL_NULL_CONVERSION = YES;
				CLANG_WARN_OBJC_IMPLICIT_RETAIN_SELF = YES;
				CLANG_WARN_OBJC_LITERAL_CONVERSION = YES;
				CLANG_WARN_OBJC_ROOT_CLASS = YES_ERROR;
				CLANG_WARN_QUOTED_INCLUDE_IN_FRAMEWORK_HEADER = YES;
				CLANG_WARN_RANGE_LOOP_ANALYSIS = YES;
				CLANG_WARN_STRICT_PROTOTYPES = YES;
				CLANG_WARN_SUSPICIOUS_MOVE = YES;
				CLANG_WARN_UNGUARDED_AVAILABILITY = YES_AGGRESSIVE;
				CLANG_WARN_UNREACHABLE_CODE = YES;
				CLANG_WARN__DUPLICATE_METHOD_MATCH = YES;
				COPY_PHASE_STRIP = NO;
				DEBUG_INFORMATION_FORMAT = dwarf;
				ENABLE_STRICT_OBJC_MSGSEND = YES;
				ENABLE_TESTABILITY = YES;
				ENABLE_USER_SCRIPT_SANDBOXING = YES;
				GCC_C_LANGUAGE_STANDARD = gnu17;
				GCC_DYNAMIC_NO_PIC = NO;
				GCC_NO_COMMON_BLOCKS = YES;
				GCC_OPTIMIZATION_LEVEL = 0;
				GCC_PREPROCESSOR_DEFINITIONS = (
					"DEBUG=1",
					"$(inherited)",
				);
				GCC_WARN_64_TO_32_BIT_CONVERSION = YES;
				GCC_WARN_ABOUT_RETURN_TYPE = YES_ERROR;
				GCC_WARN_UNDECLARED_SELECTOR = YES;
				GCC_WARN_UNINITIALIZED_AUTOS = YES_AGGRESSIVE;
				GCC_WARN_UNUSED_FUNCTION = YES;
				GCC_WARN_UNUSED_VARIABLE = YES;
				IPHONEOS_DEPLOYMENT_TARGET = 17.4;
				LOCALIZATION_PREFERS_STRING_CATALOGS = YES;
				MTL_ENABLE_DEBUG_INFO = INCLUDE_SOURCE;
				MTL_FAST_MATH = YES;
				ONLY_ACTIVE_ARCH = YES;
				SDKROOT = iphoneos;
				SWIFT_ACTIVE_COMPILATION_CONDITIONS = "DEBUG $(inherited)";
				SWIFT_OPTIMIZATION_LEVEL = "-Onone";
			};
			name = Debug;
		};
		6BE741FA2C33DDB0009DEE99 /* Release */ = {
			isa = XCBuildConfiguration;
			buildSettings = {
				ALWAYS_SEARCH_USER_PATHS = NO;
				ASSETCATALOG_COMPILER_GENERATE_SWIFT_ASSET_SYMBOL_EXTENSIONS = YES;
				CLANG_ANALYZER_NONNULL = YES;
				CLANG_ANALYZER_NUMBER_OBJECT_CONVERSION = YES_AGGRESSIVE;
				CLANG_CXX_LANGUAGE_STANDARD = "gnu++20";
				CLANG_ENABLE_MODULES = YES;
				CLANG_ENABLE_OBJC_ARC = YES;
				CLANG_ENABLE_OBJC_WEAK = YES;
				CLANG_WARN_BLOCK_CAPTURE_AUTORELEASING = YES;
				CLANG_WARN_BOOL_CONVERSION = YES;
				CLANG_WARN_COMMA = YES;
				CLANG_WARN_CONSTANT_CONVERSION = YES;
				CLANG_WARN_DEPRECATED_OBJC_IMPLEMENTATIONS = YES;
				CLANG_WARN_DIRECT_OBJC_ISA_USAGE = YES_ERROR;
				CLANG_WARN_DOCUMENTATION_COMMENTS = YES;
				CLANG_WARN_EMPTY_BODY = YES;
				CLANG_WARN_ENUM_CONVERSION = YES;
				CLANG_WARN_INFINITE_RECURSION = YES;
				CLANG_WARN_INT_CONVERSION = YES;
				CLANG_WARN_NON_LITERAL_NULL_CONVERSION = YES;
				CLANG_WARN_OBJC_IMPLICIT_RETAIN_SELF = YES;
				CLANG_WARN_OBJC_LITERAL_CONVERSION = YES;
				CLANG_WARN_OBJC_ROOT_CLASS = YES_ERROR;
				CLANG_WARN_QUOTED_INCLUDE_IN_FRAMEWORK_HEADER = YES;
				CLANG_WARN_RANGE_LOOP_ANALYSIS = YES;
				CLANG_WARN_STRICT_PROTOTYPES = YES;
				CLANG_WARN_SUSPICIOUS_MOVE = YES;
				CLANG_WARN_UNGUARDED_AVAILABILITY = YES_AGGRESSIVE;
				CLANG_WARN_UNREACHABLE_CODE = YES;
				CLANG_WARN__DUPLICATE_METHOD_MATCH = YES;
				COPY_PHASE_STRIP = NO;
				DEBUG_INFORMATION_FORMAT = "dwarf-with-dsym";
				ENABLE_NS_ASSERTIONS = NO;
				ENABLE_STRICT_OBJC_MSGSEND = YES;
				ENABLE_USER_SCRIPT_SANDBOXING = YES;
				GCC_C_LANGUAGE_STANDARD = gnu17;
				GCC_NO_COMMON_BLOCKS = YES;
				GCC_WARN_64_TO_32_BIT_CONVERSION = YES;
				GCC_WARN_ABOUT_RETURN_TYPE = YES_ERROR;
				GCC_WARN_UNDECLARED_SELECTOR = YES;
				GCC_WARN_UNINITIALIZED_AUTOS = YES_AGGRESSIVE;
				GCC_WARN_UNUSED_FUNCTION = YES;
				GCC_WARN_UNUSED_VARIABLE = YES;
				IPHONEOS_DEPLOYMENT_TARGET = 17.4;
				LOCALIZATION_PREFERS_STRING_CATALOGS = YES;
				MTL_ENABLE_DEBUG_INFO = NO;
				MTL_FAST_MATH = YES;
				SDKROOT = iphoneos;
				SWIFT_COMPILATION_MODE = wholemodule;
				VALIDATE_PRODUCT = YES;
			};
			name = Release;
		};
		6BE741FC2C33DDB0009DEE99 /* Debug */ = {
			isa = XCBuildConfiguration;
			buildSettings = {
				ASSETCATALOG_COMPILER_APPICON_NAME = AppIcon;
				ASSETCATALOG_COMPILER_GLOBAL_ACCENT_COLOR_NAME = AccentColor;
				CODE_SIGN_STYLE = Automatic;
				CURRENT_PROJECT_VERSION = 1;
				DEVELOPMENT_TEAM = F8Q3Y446GH;
				GENERATE_INFOPLIST_FILE = YES;
				INFOPLIST_FILE = Reminder/Info.plist;
				INFOPLIST_KEY_UIApplicationSupportsIndirectInputEvents = YES;
				INFOPLIST_KEY_UILaunchStoryboardName = LaunchScreen;
				INFOPLIST_KEY_UISupportedInterfaceOrientations = UIInterfaceOrientationPortrait;
				INFOPLIST_KEY_UISupportedInterfaceOrientations_iPad = "UIInterfaceOrientationLandscapeLeft UIInterfaceOrientationLandscapeRight UIInterfaceOrientationPortrait UIInterfaceOrientationPortraitUpsideDown";
				IPHONEOS_DEPLOYMENT_TARGET = 16.0;
				LD_RUNPATH_SEARCH_PATHS = (
					"$(inherited)",
					"@executable_path/Frameworks",
				);
				MARKETING_VERSION = 1.0;
				PRODUCT_BUNDLE_IDENTIFIER = beom.Reminder;
				PRODUCT_NAME = "$(TARGET_NAME)";
				SUPPORTED_PLATFORMS = "iphoneos iphonesimulator";
				SUPPORTS_MACCATALYST = NO;
				SUPPORTS_MAC_DESIGNED_FOR_IPHONE_IPAD = NO;
				SUPPORTS_XR_DESIGNED_FOR_IPHONE_IPAD = NO;
				SWIFT_EMIT_LOC_STRINGS = YES;
				SWIFT_VERSION = 5.0;
				TARGETED_DEVICE_FAMILY = 1;
			};
			name = Debug;
		};
		6BE741FD2C33DDB0009DEE99 /* Release */ = {
			isa = XCBuildConfiguration;
			buildSettings = {
				ASSETCATALOG_COMPILER_APPICON_NAME = AppIcon;
				ASSETCATALOG_COMPILER_GLOBAL_ACCENT_COLOR_NAME = AccentColor;
				CODE_SIGN_STYLE = Automatic;
				CURRENT_PROJECT_VERSION = 1;
				DEVELOPMENT_TEAM = F8Q3Y446GH;
				GENERATE_INFOPLIST_FILE = YES;
				INFOPLIST_FILE = Reminder/Info.plist;
				INFOPLIST_KEY_UIApplicationSupportsIndirectInputEvents = YES;
				INFOPLIST_KEY_UILaunchStoryboardName = LaunchScreen;
				INFOPLIST_KEY_UISupportedInterfaceOrientations = UIInterfaceOrientationPortrait;
				INFOPLIST_KEY_UISupportedInterfaceOrientations_iPad = "UIInterfaceOrientationLandscapeLeft UIInterfaceOrientationLandscapeRight UIInterfaceOrientationPortrait UIInterfaceOrientationPortraitUpsideDown";
				IPHONEOS_DEPLOYMENT_TARGET = 16.0;
				LD_RUNPATH_SEARCH_PATHS = (
					"$(inherited)",
					"@executable_path/Frameworks",
				);
				MARKETING_VERSION = 1.0;
				PRODUCT_BUNDLE_IDENTIFIER = beom.Reminder;
				PRODUCT_NAME = "$(TARGET_NAME)";
				SUPPORTED_PLATFORMS = "iphoneos iphonesimulator";
				SUPPORTS_MACCATALYST = NO;
				SUPPORTS_MAC_DESIGNED_FOR_IPHONE_IPAD = NO;
				SUPPORTS_XR_DESIGNED_FOR_IPHONE_IPAD = NO;
				SWIFT_EMIT_LOC_STRINGS = YES;
				SWIFT_VERSION = 5.0;
				TARGETED_DEVICE_FAMILY = 1;
			};
			name = Release;
		};
/* End XCBuildConfiguration section */

/* Begin XCConfigurationList section */
		6BE741E22C33DDAE009DEE99 /* Build configuration list for PBXProject "Reminder" */ = {
			isa = XCConfigurationList;
			buildConfigurations = (
				6BE741F92C33DDB0009DEE99 /* Debug */,
				6BE741FA2C33DDB0009DEE99 /* Release */,
			);
			defaultConfigurationIsVisible = 0;
			defaultConfigurationName = Release;
		};
		6BE741FB2C33DDB0009DEE99 /* Build configuration list for PBXNativeTarget "Reminder" */ = {
			isa = XCConfigurationList;
			buildConfigurations = (
				6BE741FC2C33DDB0009DEE99 /* Debug */,
				6BE741FD2C33DDB0009DEE99 /* Release */,
			);
			defaultConfigurationIsVisible = 0;
			defaultConfigurationName = Release;
		};
/* End XCConfigurationList section */

/* Begin XCRemoteSwiftPackageReference section */
		6BE741FE2C33F4A0009DEE99 /* XCRemoteSwiftPackageReference "SnapKit" */ = {
			isa = XCRemoteSwiftPackageReference;
			repositoryURL = "https://github.com/SnapKit/SnapKit.git";
			requirement = {
				kind = upToNextMajorVersion;
				minimumVersion = 5.7.1;
			};
		};
		6BE742032C33F614009DEE99 /* XCRemoteSwiftPackageReference "realm-swift" */ = {
			isa = XCRemoteSwiftPackageReference;
			repositoryURL = "https://github.com/realm/realm-swift.git";
			requirement = {
				kind = exactVersion;
				version = 10.52.1;
			};
		};
/* End XCRemoteSwiftPackageReference section */

/* Begin XCSwiftPackageProductDependency section */
		6BE741FF2C33F4A0009DEE99 /* SnapKit */ = {
			isa = XCSwiftPackageProductDependency;
			package = 6BE741FE2C33F4A0009DEE99 /* XCRemoteSwiftPackageReference "SnapKit" */;
			productName = SnapKit;
		};
		6BE742042C33F614009DEE99 /* RealmSwift */ = {
			isa = XCSwiftPackageProductDependency;
			package = 6BE742032C33F614009DEE99 /* XCRemoteSwiftPackageReference "realm-swift" */;
			productName = RealmSwift;
		};
/* End XCSwiftPackageProductDependency section */
	};
	rootObject = 6BE741DF2C33DDAE009DEE99 /* Project object */;
}
